{
  "version": 4,
  "terraform_version": "0.12.23",
  "serial": 282,
  "lineage": "57a7bffc-afcd-a842-f63b-b3068cd19d3a",
  "outputs": {},
  "resources": [
    {
      "module": "module.function_match_to_storage",
      "mode": "data",
      "type": "archive_file",
      "name": "source_zip",
      "provider": "provider.archive",
      "instances": [
        {
          "schema_version": 0,
          "attributes": {
            "excludes": null,
            "id": "0c0dee480fc5f1e7ce195c5c6e2dce16ad1bb98a",
            "output_base64sha256": "oOf+f7AE1adQNuEfpxmLJuMWMAOHKDTXdHfjFaPcrI4=",
            "output_md5": "2c132ff09032cba5c3a88a6e9fdfd4d9",
            "output_path": "./match-to-storage.zip",
            "output_sha": "0c0dee480fc5f1e7ce195c5c6e2dce16ad1bb98a",
            "output_size": 650,
            "source": [],
            "source_content": null,
            "source_content_filename": null,
            "source_dir": "../functions/match-to-storage",
            "source_file": null,
            "type": "zip"
          }
        }
      ]
    },
    {
      "module": "module.leaderboard.module.function__leaderboard_request",
      "mode": "data",
      "type": "archive_file",
      "name": "source_zip",
      "provider": "provider.archive",
      "instances": [
        {
          "schema_version": 0,
          "attributes": {
            "excludes": null,
            "id": "42750f0e47943647a767b7b81461741de37fdc97",
            "output_base64sha256": "E26S2c/MWvDJy4NfWGzFlNnM2+KOPqa1fR133L91d9Q=",
            "output_md5": "09aaaded7b964719689243c32ea9e4c6",
            "output_path": "./leaderboard-request.zip",
            "output_sha": "42750f0e47943647a767b7b81461741de37fdc97",
            "output_size": 1319,
            "source": [],
            "source_content": null,
            "source_content_filename": null,
            "source_dir": "../functions/leaderboard-request",
            "source_file": null,
            "type": "zip"
          }
        }
      ]
    },
    {
      "module": "module.leaderboard.module.function__leaderboard_to_bigquery",
      "mode": "data",
      "type": "archive_file",
      "name": "source_zip",
      "provider": "provider.archive",
      "instances": [
        {
          "schema_version": 0,
          "attributes": {
            "excludes": null,
            "id": "b53d334b14364f75ff79ca970159e1072a8193c5",
            "output_base64sha256": "Ul7JilT6GHT8ETReG030QQ2CNVVRr4XwTIF3C0+9gwo=",
            "output_md5": "8b719b7754337be5a9eec87c88e4d663",
            "output_path": "./leaderboard-to-bigquery.zip",
            "output_sha": "b53d334b14364f75ff79ca970159e1072a8193c5",
            "output_size": 609,
            "source": [],
            "source_content": null,
            "source_content_filename": null,
            "source_dir": "../functions/leaderboard-to-bigquery",
            "source_file": null,
            "type": "zip"
          }
        }
      ]
    },
    {
      "module": "module.function_match_to_bigquery",
      "mode": "data",
      "type": "archive_file",
      "name": "source_zip",
      "provider": "provider.archive",
      "instances": [
        {
          "schema_version": 0,
          "attributes": {
            "excludes": null,
            "id": "a7d89c58c7e49ee634c1b71a2b0adc8aa0e2c3a3",
            "output_base64sha256": "ZzyldjI7XuMjmMevIAB9bS0j0hTO3ziscF9WPCbHIAk=",
            "output_md5": "b1601689310e123c4122e412c03f4c16",
            "output_path": "./match-to-bigquery.zip",
            "output_sha": "a7d89c58c7e49ee634c1b71a2b0adc8aa0e2c3a3",
            "output_size": 1312,
            "source": [],
            "source_content": null,
            "source_content_filename": null,
            "source_dir": "../functions/match-to-bigquery",
            "source_file": null,
            "type": "zip"
          }
        }
      ]
    },
    {
      "mode": "data",
      "type": "google_project",
      "name": "kaggle_halite",
      "provider": "provider.google",
      "instances": [
        {
          "schema_version": 0,
          "attributes": {
            "auto_create_network": null,
            "billing_account": "010903-227015-FD1FB1",
            "folder_id": null,
            "id": "projects/kaggle-halite",
            "labels": {},
            "name": "kaggle-halite",
            "number": "455929898067",
            "org_id": null,
            "project_id": "kaggle-halite",
            "skip_delete": null
          }
        }
      ]
    },
    {
      "mode": "managed",
      "type": "google_bigquery_dataset",
      "name": "benchmark",
      "provider": "provider.google",
      "instances": [
        {
          "schema_version": 0,
          "attributes": {
            "access": [
              {
                "domain": "",
                "group_by_email": "",
                "role": "WRITER",
                "special_group": "",
                "user_by_email": "haakon.robinson@gmail.com",
                "view": []
              },
              {
                "domain": null,
                "group_by_email": null,
                "role": "OWNER",
                "special_group": null,
                "user_by_email": "jan.jagusch@gmail.com",
                "view": []
              }
            ],
            "creation_time": 1587994809220,
            "dataset_id": "benchmark",
            "default_encryption_configuration": [],
            "default_partition_expiration_ms": 0,
            "default_table_expiration_ms": 0,
            "delete_contents_on_destroy": false,
            "description": "Stores configuration and results of benchmarking matches between agents.",
            "etag": "hed6P9OZwa2krw21+vrlwQ==",
            "friendly_name": "benchmark",
            "id": "projects/kaggle-halite/datasets/benchmark",
            "labels": {},
            "last_modified_time": 1588365820433,
            "location": "EU",
            "project": "kaggle-halite",
            "self_link": "https://www.googleapis.com/bigquery/v2/projects/kaggle-halite/datasets/benchmark",
            "timeouts": null
          },
          "private": "eyJlMmJmYjczMC1lY2FhLTExZTYtOGY4OC0zNDM2M2JjN2M0YzAiOnsiY3JlYXRlIjoyNDAwMDAwMDAwMDAsImRlbGV0ZSI6MjQwMDAwMDAwMDAwLCJ1cGRhdGUiOjI0MDAwMDAwMDAwMH19"
        }
      ]
    },
    {
      "module": "module.leaderboard",
      "mode": "managed",
      "type": "google_bigquery_dataset",
      "name": "dataset__leaderboard",
      "provider": "provider.google",
      "instances": [
        {
          "schema_version": 0,
          "attributes": {
            "access": [
              {
                "domain": "",
                "group_by_email": "",
                "role": "OWNER",
                "special_group": "",
                "user_by_email": "jan.jagusch@gmail.com",
                "view": []
              },
              {
                "domain": "",
                "group_by_email": "",
                "role": "WRITER",
                "special_group": "",
                "user_by_email": "haakon.robinson@gmail.com",
                "view": []
              }
            ],
            "creation_time": 1588365820524,
            "dataset_id": "leaderboard",
            "default_encryption_configuration": [],
            "default_partition_expiration_ms": 0,
            "default_table_expiration_ms": 0,
            "delete_contents_on_destroy": false,
            "description": "Stores historical leaderboard of competition.",
            "etag": "abXieF2LXgPjnR0HQaWUyA==",
            "friendly_name": "leaderboard",
            "id": "projects/kaggle-halite/datasets/leaderboard",
            "labels": null,
            "last_modified_time": 1588365820524,
            "location": "EU",
            "project": "kaggle-halite",
            "self_link": "https://www.googleapis.com/bigquery/v2/projects/kaggle-halite/datasets/leaderboard",
            "timeouts": null
          },
          "private": "eyJlMmJmYjczMC1lY2FhLTExZTYtOGY4OC0zNDM2M2JjN2M0YzAiOnsiY3JlYXRlIjoyNDAwMDAwMDAwMDAsImRlbGV0ZSI6MjQwMDAwMDAwMDAwLCJ1cGRhdGUiOjI0MDAwMDAwMDAwMH19"
        }
      ]
    },
    {
      "mode": "managed",
      "type": "google_bigquery_table",
      "name": "bechmark__actions",
      "provider": "provider.google",
      "instances": [
        {
          "schema_version": 0,
          "attributes": {
            "clustering": null,
            "creation_time": 1588241897079,
            "dataset_id": "benchmark",
            "description": "",
            "encryption_configuration": [],
            "etag": "4qDKKGSSJjPDF3rA2CSOlQ==",
            "expiration_time": 0,
            "external_data_configuration": [],
            "friendly_name": "",
            "id": "projects/kaggle-halite/datasets/benchmark/tables/actions",
            "labels": {},
            "last_modified_time": 1588357818975,
            "location": "EU",
            "num_bytes": 1372942,
            "num_long_term_bytes": 0,
            "num_rows": 20799,
            "project": "kaggle-halite",
            "schema": "[{\"mode\":\"REQUIRED\",\"name\":\"match_id\",\"type\":\"STRING\"},{\"mode\":\"REQUIRED\",\"name\":\"step\",\"type\":\"INTEGER\"},{\"mode\":\"REQUIRED\",\"name\":\"unit_id\",\"type\":\"STRING\"},{\"mode\":\"REQUIRED\",\"name\":\"action\",\"type\":\"STRING\"},{\"mode\":\"REQUIRED\",\"name\":\"inserted_at\",\"type\":\"TIMESTAMP\"}]",
            "self_link": "https://www.googleapis.com/bigquery/v2/projects/kaggle-halite/datasets/benchmark/tables/actions",
            "table_id": "actions",
            "time_partitioning": [],
            "type": "TABLE",
            "view": []
          },
          "private": "bnVsbA=="
        }
      ]
    },
    {
      "mode": "managed",
      "type": "google_bigquery_table",
      "name": "benchmark__boards",
      "provider": "provider.google",
      "instances": [
        {
          "schema_version": 0,
          "attributes": {
            "clustering": null,
            "creation_time": 1588241905590,
            "dataset_id": "benchmark",
            "description": "",
            "encryption_configuration": [],
            "etag": "2q06xHNK0KL1AT4UDkPCDg==",
            "expiration_time": 0,
            "external_data_configuration": [],
            "friendly_name": "",
            "id": "projects/kaggle-halite/datasets/benchmark/tables/boards",
            "labels": {},
            "last_modified_time": 1588357925063,
            "location": "EU",
            "num_bytes": 6223878,
            "num_long_term_bytes": 0,
            "num_rows": 3357,
            "project": "kaggle-halite",
            "schema": "[{\"mode\":\"REQUIRED\",\"name\":\"match_id\",\"type\":\"STRING\"},{\"mode\":\"REQUIRED\",\"name\":\"step\",\"type\":\"INTEGER\"},{\"mode\":\"REPEATED\",\"name\":\"halite\",\"type\":\"INTEGER\"},{\"mode\":\"REQUIRED\",\"name\":\"inserted_at\",\"type\":\"TIMESTAMP\"}]",
            "self_link": "https://www.googleapis.com/bigquery/v2/projects/kaggle-halite/datasets/benchmark/tables/boards",
            "table_id": "boards",
            "time_partitioning": [],
            "type": "TABLE",
            "view": []
          },
          "private": "bnVsbA=="
        }
      ]
    },
    {
      "mode": "managed",
      "type": "google_bigquery_table",
      "name": "benchmark__matches",
      "provider": "provider.google",
      "instances": [
        {
          "schema_version": 0,
          "attributes": {
            "clustering": null,
            "creation_time": 1588241896873,
            "dataset_id": "benchmark",
            "description": "",
            "encryption_configuration": [],
            "etag": "9iqp41gWyi/u8A5hgZsWkQ==",
            "expiration_time": 0,
            "external_data_configuration": [],
            "friendly_name": "",
            "id": "projects/kaggle-halite/datasets/benchmark/tables/matches",
            "labels": {},
            "last_modified_time": 1588357863910,
            "location": "EU",
            "num_bytes": 2156,
            "num_long_term_bytes": 0,
            "num_rows": 11,
            "project": "kaggle-halite",
            "schema": "[{\"mode\":\"REQUIRED\",\"name\":\"match_id\",\"type\":\"STRING\"},{\"description\":\"Ordered list of agent IDs.\",\"mode\":\"REPEATED\",\"name\":\"agents\",\"type\":\"STRING\"},{\"fields\":[{\"mode\":\"REQUIRED\",\"name\":\"episode_steps\",\"type\":\"INTEGER\"},{\"mode\":\"REQUIRED\",\"name\":\"agent_exec\",\"type\":\"STRING\"},{\"mode\":\"REQUIRED\",\"name\":\"agent_timeout\",\"type\":\"INTEGER\"},{\"mode\":\"REQUIRED\",\"name\":\"act_timeout\",\"type\":\"INTEGER\"},{\"mode\":\"REQUIRED\",\"name\":\"run_timeout\",\"type\":\"INTEGER\"},{\"mode\":\"REQUIRED\",\"name\":\"halite\",\"type\":\"INTEGER\"},{\"mode\":\"REQUIRED\",\"name\":\"size\",\"type\":\"INTEGER\"},{\"mode\":\"REQUIRED\",\"name\":\"spawn_cost\",\"type\":\"INTEGER\"},{\"mode\":\"REQUIRED\",\"name\":\"convert_cost\",\"type\":\"INTEGER\"},{\"mode\":\"REQUIRED\",\"name\":\"move_cost\",\"type\":\"FLOAT\"},{\"mode\":\"REQUIRED\",\"name\":\"collect_rate\",\"type\":\"FLOAT\"},{\"mode\":\"REQUIRED\",\"name\":\"regen_rate\",\"type\":\"FLOAT\"}],\"mode\":\"REQUIRED\",\"name\":\"configuration\",\"type\":\"RECORD\"},{\"description\":\"Abitrary key-value pairs.\",\"fields\":[{\"mode\":\"REQUIRED\",\"name\":\"key\",\"type\":\"STRING\"},{\"mode\":\"REQUIRED\",\"name\":\"value\",\"type\":\"STRING\"}],\"mode\":\"REPEATED\",\"name\":\"tags\",\"type\":\"RECORD\"},{\"description\":\"Pseudo-random number seed.\",\"mode\":\"REQUIRED\",\"name\":\"seed\",\"type\":\"INTEGER\"},{\"mode\":\"REQUIRED\",\"name\":\"inserted_at\",\"type\":\"TIMESTAMP\"}]",
            "self_link": "https://www.googleapis.com/bigquery/v2/projects/kaggle-halite/datasets/benchmark/tables/matches",
            "table_id": "matches",
            "time_partitioning": [],
            "type": "TABLE",
            "view": []
          },
          "private": "bnVsbA=="
        }
      ]
    },
    {
      "mode": "managed",
      "type": "google_bigquery_table",
      "name": "benchmark__matches_agent_player_index",
      "provider": "provider.google",
      "instances": [
        {
          "schema_version": 0,
          "attributes": {
            "clustering": null,
            "creation_time": 1588241896882,
            "dataset_id": "benchmark",
            "description": "",
            "encryption_configuration": [],
            "etag": "F2vMK190r0YDDbYqYSZQOw==",
            "expiration_time": 0,
            "external_data_configuration": [],
            "friendly_name": "",
            "id": "projects/kaggle-halite/datasets/benchmark/tables/_matches_agent_player_index",
            "labels": {},
            "last_modified_time": 1588241896971,
            "location": "EU",
            "num_bytes": 0,
            "num_long_term_bytes": 0,
            "num_rows": 0,
            "project": "kaggle-halite",
            "schema": "[{\"mode\":\"NULLABLE\",\"name\":\"match_id\",\"type\":\"STRING\"},{\"mode\":\"NULLABLE\",\"name\":\"agent\",\"type\":\"STRING\"},{\"mode\":\"NULLABLE\",\"name\":\"player_index\",\"type\":\"INTEGER\"}]",
            "self_link": "https://www.googleapis.com/bigquery/v2/projects/kaggle-halite/datasets/benchmark/tables/_matches_agent_player_index",
            "table_id": "_matches_agent_player_index",
            "time_partitioning": [],
            "type": "VIEW",
            "view": [
              {
                "query": "SELECT\n  match_id,\n  agent,\n  row_number() OVER (PARTITION BY match_id) - 1 AS player_index\nFROM (\n  SELECT * EXCEPT(agents)\n  FROM `kaggle-halite.benchmark.matches`,\n  UNNEST(agents) as agent\n);\n",
                "use_legacy_sql": false
              }
            ]
          },
          "private": "bnVsbA=="
        }
      ]
    },
    {
      "mode": "managed",
      "type": "google_bigquery_table",
      "name": "benchmark__matches_overview",
      "provider": "provider.google",
      "instances": [
        {
          "schema_version": 0,
          "attributes": {
            "clustering": null,
            "creation_time": 1588241911613,
            "dataset_id": "benchmark",
            "description": "",
            "encryption_configuration": [],
            "etag": "cr++bsdQshdlmC3FFq9ITA==",
            "expiration_time": 0,
            "external_data_configuration": [],
            "friendly_name": "",
            "id": "projects/kaggle-halite/datasets/benchmark/tables/_matches_overview",
            "labels": {},
            "last_modified_time": 1588241911741,
            "location": "EU",
            "num_bytes": 0,
            "num_long_term_bytes": 0,
            "num_rows": 0,
            "project": "kaggle-halite",
            "schema": "[{\"mode\":\"NULLABLE\",\"name\":\"match_id\",\"type\":\"STRING\"},{\"mode\":\"NULLABLE\",\"name\":\"agent\",\"type\":\"STRING\"},{\"mode\":\"NULLABLE\",\"name\":\"halite\",\"type\":\"INTEGER\"},{\"mode\":\"NULLABLE\",\"name\":\"rank\",\"type\":\"INTEGER\"},{\"fields\":[{\"mode\":\"NULLABLE\",\"name\":\"episode_steps\",\"type\":\"INTEGER\"},{\"mode\":\"NULLABLE\",\"name\":\"agent_exec\",\"type\":\"STRING\"},{\"mode\":\"NULLABLE\",\"name\":\"agent_timeout\",\"type\":\"INTEGER\"},{\"mode\":\"NULLABLE\",\"name\":\"act_timeout\",\"type\":\"INTEGER\"},{\"mode\":\"NULLABLE\",\"name\":\"run_timeout\",\"type\":\"INTEGER\"},{\"mode\":\"NULLABLE\",\"name\":\"halite\",\"type\":\"INTEGER\"},{\"mode\":\"NULLABLE\",\"name\":\"size\",\"type\":\"INTEGER\"},{\"mode\":\"NULLABLE\",\"name\":\"spawn_cost\",\"type\":\"INTEGER\"},{\"mode\":\"NULLABLE\",\"name\":\"convert_cost\",\"type\":\"INTEGER\"},{\"mode\":\"NULLABLE\",\"name\":\"move_cost\",\"type\":\"FLOAT\"},{\"mode\":\"NULLABLE\",\"name\":\"collect_rate\",\"type\":\"FLOAT\"},{\"mode\":\"NULLABLE\",\"name\":\"regen_rate\",\"type\":\"FLOAT\"}],\"mode\":\"NULLABLE\",\"name\":\"configuration\",\"type\":\"RECORD\"},{\"fields\":[{\"mode\":\"NULLABLE\",\"name\":\"key\",\"type\":\"STRING\"},{\"mode\":\"NULLABLE\",\"name\":\"value\",\"type\":\"STRING\"}],\"mode\":\"REPEATED\",\"name\":\"tags\",\"type\":\"RECORD\"},{\"mode\":\"NULLABLE\",\"name\":\"seed\",\"type\":\"INTEGER\"},{\"mode\":\"NULLABLE\",\"name\":\"inserted_at\",\"type\":\"TIMESTAMP\"}]",
            "self_link": "https://www.googleapis.com/bigquery/v2/projects/kaggle-halite/datasets/benchmark/tables/_matches_overview",
            "table_id": "_matches_overview",
            "time_partitioning": [],
            "type": "VIEW",
            "view": [
              {
                "query": "SELECT\n  agents.match_id,\n  agents.agent,\n  results.halite,\n  ranks.rank,\n  matches.configuration,\n  matches.tags,\n  matches.seed,\n  matches.inserted_at\nFROM `kaggle-halite.benchmark._matches_agent_player_index` AS agents\nLEFT JOIN `kaggle-halite.benchmark._matches_result` AS results\nON agents.match_id = results.match_id \nAND agents.player_index = results.player_index\nLEFT JOIN `kaggle-halite.benchmark._matches_rank` AS ranks\nON agents.match_id = ranks.match_id \nAND agents.player_index = ranks.player_index\nLEFT JOIN `kaggle-halite.benchmark.matches` AS matches\nON agents.match_id = matches.match_id\n",
                "use_legacy_sql": false
              }
            ]
          },
          "private": "bnVsbA=="
        }
      ]
    },
    {
      "mode": "managed",
      "type": "google_bigquery_table",
      "name": "benchmark__matches_rank",
      "provider": "provider.google",
      "instances": [
        {
          "schema_version": 0,
          "attributes": {
            "clustering": null,
            "creation_time": 1588241895821,
            "dataset_id": "benchmark",
            "description": "",
            "encryption_configuration": [],
            "etag": "NPhGiyMuwhmGEHSaBJG6HA==",
            "expiration_time": 0,
            "external_data_configuration": [],
            "friendly_name": "",
            "id": "projects/kaggle-halite/datasets/benchmark/tables/_matches_rank",
            "labels": {},
            "last_modified_time": 1588241895941,
            "location": "EU",
            "num_bytes": 0,
            "num_long_term_bytes": 0,
            "num_rows": 0,
            "project": "kaggle-halite",
            "schema": "[{\"mode\":\"NULLABLE\",\"name\":\"match_id\",\"type\":\"STRING\"},{\"mode\":\"NULLABLE\",\"name\":\"player_index\",\"type\":\"INTEGER\"},{\"mode\":\"NULLABLE\",\"name\":\"rank\",\"type\":\"INTEGER\"}]",
            "self_link": "https://www.googleapis.com/bigquery/v2/projects/kaggle-halite/datasets/benchmark/tables/_matches_rank",
            "table_id": "_matches_rank",
            "time_partitioning": [],
            "type": "VIEW",
            "view": [
              {
                "query": "SELECT\n  match_id,\n  player_index,\n  COUNTIF(loss) + 1 as rank\nFROM (\n  SELECT \n    results_1.match_id,\n    results_1.player_index,\n    CASE\n      WHEN results_2.reward IS NULL THEN FALSE\n      WHEN results_1.reward IS NULL THEN TRUE\n      WHEN results_2.reward \u003e results_1.reward THEN TRUE\n      ELSE FALSE\n    END AS loss\n  FROM `kaggle-halite.benchmark._matches_result` AS results_1\n  INNER JOIN `kaggle-halite.benchmark._matches_result` as results_2\n  ON results_1.match_id = results_2.match_id\n  AND results_1.player_index != results_2.player_index\n)\nGROUP BY match_id, player_index\n",
                "use_legacy_sql": false
              }
            ]
          },
          "private": "bnVsbA=="
        }
      ]
    },
    {
      "mode": "managed",
      "type": "google_bigquery_table",
      "name": "benchmark__matches_result",
      "provider": "provider.google",
      "instances": [
        {
          "schema_version": 0,
          "attributes": {
            "clustering": null,
            "creation_time": 1588241905603,
            "dataset_id": "benchmark",
            "description": "",
            "encryption_configuration": [],
            "etag": "FIDGzT/BrpbAfCGua1AQMA==",
            "expiration_time": 0,
            "external_data_configuration": [],
            "friendly_name": "",
            "id": "projects/kaggle-halite/datasets/benchmark/tables/_matches_result",
            "labels": {},
            "last_modified_time": 1588241905693,
            "location": "EU",
            "num_bytes": 0,
            "num_long_term_bytes": 0,
            "num_rows": 0,
            "project": "kaggle-halite",
            "schema": "[{\"mode\":\"NULLABLE\",\"name\":\"match_id\",\"type\":\"STRING\"},{\"mode\":\"NULLABLE\",\"name\":\"player_index\",\"type\":\"INTEGER\"},{\"mode\":\"NULLABLE\",\"name\":\"step\",\"type\":\"INTEGER\"},{\"mode\":\"NULLABLE\",\"name\":\"halite\",\"type\":\"INTEGER\"},{\"mode\":\"NULLABLE\",\"name\":\"reward\",\"type\":\"INTEGER\"}]",
            "self_link": "https://www.googleapis.com/bigquery/v2/projects/kaggle-halite/datasets/benchmark/tables/_matches_result",
            "table_id": "_matches_result",
            "time_partitioning": [],
            "type": "VIEW",
            "view": [
              {
                "query": "SELECT\n    match_id,\n    player_index,\n    step,\n    halite,\n    reward\nFROM (\n    SELECT\n        *,\n        row_number() OVER (PARTITION BY match_id, player_index ORDER BY step DESC) AS row_number\n    FROM `kaggle-halite.benchmark.players`\n)\nWHERE row_number = 1\nORDER BY match_id, player_index;\n",
                "use_legacy_sql": false
              }
            ]
          },
          "private": "bnVsbA=="
        }
      ]
    },
    {
      "mode": "managed",
      "type": "google_bigquery_table",
      "name": "benchmark__players",
      "provider": "provider.google",
      "instances": [
        {
          "schema_version": 0,
          "attributes": {
            "clustering": null,
            "creation_time": 1588241896875,
            "dataset_id": "benchmark",
            "description": "",
            "encryption_configuration": [],
            "etag": "vTG4H86Orchgx6UFm1w6Cw==",
            "expiration_time": 0,
            "external_data_configuration": [],
            "friendly_name": "",
            "id": "projects/kaggle-halite/datasets/benchmark/tables/players",
            "labels": {},
            "last_modified_time": 1588357069869,
            "location": "EU",
            "num_bytes": 1033680,
            "num_long_term_bytes": 0,
            "num_rows": 13428,
            "project": "kaggle-halite",
            "schema": "[{\"mode\":\"REQUIRED\",\"name\":\"match_id\",\"type\":\"STRING\"},{\"mode\":\"REQUIRED\",\"name\":\"player_index\",\"type\":\"INTEGER\"},{\"mode\":\"REQUIRED\",\"name\":\"step\",\"type\":\"INTEGER\"},{\"mode\":\"REQUIRED\",\"name\":\"halite\",\"type\":\"INTEGER\"},{\"mode\":\"NULLABLE\",\"name\":\"reward\",\"type\":\"INTEGER\"},{\"mode\":\"REQUIRED\",\"name\":\"inserted_at\",\"type\":\"TIMESTAMP\"}]",
            "self_link": "https://www.googleapis.com/bigquery/v2/projects/kaggle-halite/datasets/benchmark/tables/players",
            "table_id": "players",
            "time_partitioning": [],
            "type": "TABLE",
            "view": []
          },
          "private": "bnVsbA=="
        }
      ]
    },
    {
      "mode": "managed",
      "type": "google_bigquery_table",
      "name": "benchmark__ships_true_action",
      "provider": "provider.google",
      "instances": [
        {
          "schema_version": 0,
          "attributes": {
            "clustering": null,
            "creation_time": 1588241917255,
            "dataset_id": "benchmark",
            "description": "",
            "encryption_configuration": [],
            "etag": "8EeaTX8MwHvFKO9R3mTJZQ==",
            "expiration_time": 0,
            "external_data_configuration": [],
            "friendly_name": "",
            "id": "projects/kaggle-halite/datasets/benchmark/tables/_ships_true_action",
            "labels": {},
            "last_modified_time": 1588241917384,
            "location": "EU",
            "num_bytes": 0,
            "num_long_term_bytes": 0,
            "num_rows": 0,
            "project": "kaggle-halite",
            "schema": "[{\"mode\":\"NULLABLE\",\"name\":\"match_id\",\"type\":\"STRING\"},{\"mode\":\"NULLABLE\",\"name\":\"step\",\"type\":\"INTEGER\"},{\"mode\":\"NULLABLE\",\"name\":\"unit_id\",\"type\":\"STRING\"},{\"mode\":\"NULLABLE\",\"name\":\"action\",\"type\":\"STRING\"}]",
            "self_link": "https://www.googleapis.com/bigquery/v2/projects/kaggle-halite/datasets/benchmark/tables/_ships_true_action",
            "table_id": "_ships_true_action",
            "time_partitioning": [],
            "type": "VIEW",
            "view": [
              {
                "query": "SELECT\n  match_id,\n  step,\n  unit_id,\n  CASE\n    WHEN action IS NOT NULL THEN action\n    WHEN created_at = step THEN NULL\n    WHEN shipyard_id IS NOT NULL THEN \"DEPOSIT\"\n    WHEN next_shipyard_action = \"CONVERT\" THEN next_shipyard_action\n    ELSE \"MINE\"\n  END AS action\nFROM (\n  SELECT \n    ship_actions.match_id,\n    ship_actions.player_index,\n    ship_actions.step,\n    ship_actions.unit_id,\n    ship_actions.pos,\n    ship_actions.action,\n    shipyards.unit_id as shipyard_id,\n    next_shipyard_actions.action as next_shipyard_action,\n    units_created_deleted_at.created_at \n  FROM (\n    SELECT *\n    FROM `kaggle-halite.benchmark._units_actions`\n    WHERE unit_type = \"ship\"\n  ) AS ship_actions\n  LEFT JOIN (\n    SELECT *\n    FROM `kaggle-halite.benchmark.units` \n    WHERE unit_type = \"shipyard\"\n  ) AS shipyards\n  ON ship_actions.match_id = shipyards.match_id\n  AND ship_actions.step = shipyards.step\n  AND ship_actions.pos = shipyards.pos\n  LEFT JOIN (\n    SELECT *\n    FROM `kaggle-halite.benchmark._units_actions` \n    WHERE unit_type = \"shipyard\"\n  ) as next_shipyard_actions\n  ON ship_actions.match_id = next_shipyard_actions.match_id \n  AND ship_actions.step + 1 = next_shipyard_actions.step \n  AND ship_actions.player_index = next_shipyard_actions.player_index \n  AND ship_actions.pos = next_shipyard_actions.pos\n  LEFT JOIN `kaggle-halite.benchmark._units_created_deleted_at` as units_created_deleted_at \n  ON ship_actions.match_id = units_created_deleted_at.match_id \n  AND ship_actions.unit_id = units_created_deleted_at.unit_id \n);\n",
                "use_legacy_sql": false
              }
            ]
          },
          "private": "bnVsbA=="
        }
      ]
    },
    {
      "mode": "managed",
      "type": "google_bigquery_table",
      "name": "benchmark__shipyards_true_action",
      "provider": "provider.google",
      "instances": [
        {
          "schema_version": 0,
          "attributes": {
            "clustering": null,
            "creation_time": 1588241917271,
            "dataset_id": "benchmark",
            "description": "",
            "encryption_configuration": [],
            "etag": "hG41OmTTBELdtJRCSy+XYA==",
            "expiration_time": 0,
            "external_data_configuration": [],
            "friendly_name": "",
            "id": "projects/kaggle-halite/datasets/benchmark/tables/_shipyards_true_action",
            "labels": {},
            "last_modified_time": 1588241917361,
            "location": "EU",
            "num_bytes": 0,
            "num_long_term_bytes": 0,
            "num_rows": 0,
            "project": "kaggle-halite",
            "schema": "[{\"mode\":\"NULLABLE\",\"name\":\"match_id\",\"type\":\"STRING\"},{\"mode\":\"NULLABLE\",\"name\":\"step\",\"type\":\"INTEGER\"},{\"mode\":\"NULLABLE\",\"name\":\"unit_id\",\"type\":\"STRING\"},{\"mode\":\"NULLABLE\",\"name\":\"action\",\"type\":\"STRING\"}]",
            "self_link": "https://www.googleapis.com/bigquery/v2/projects/kaggle-halite/datasets/benchmark/tables/_shipyards_true_action",
            "table_id": "_shipyards_true_action",
            "time_partitioning": [],
            "type": "VIEW",
            "view": [
              {
                "query": "SELECT\n  match_id,\n  player_index\n  step,\n  unit_id,\n  CASE\n    WHEN action = \"SPAWN\" THEN action\n    ELSE NULL\n  END AS action  \nFROM `kaggle-halite.benchmark._units_actions` \nWHERE unit_type = \"shipyard\";\n",
                "use_legacy_sql": false
              }
            ]
          },
          "private": "bnVsbA=="
        }
      ]
    },
    {
      "mode": "managed",
      "type": "google_bigquery_table",
      "name": "benchmark__true_actions",
      "provider": "provider.google",
      "instances": [
        {
          "schema_version": 0,
          "attributes": {
            "clustering": null,
            "creation_time": 1588241895812,
            "dataset_id": "benchmark",
            "description": "",
            "encryption_configuration": [],
            "etag": "Pf6MM7Jb+Uc1ig/gYId/0Q==",
            "expiration_time": 0,
            "external_data_configuration": [],
            "friendly_name": "",
            "id": "projects/kaggle-halite/datasets/benchmark/tables/_true_actions",
            "labels": {},
            "last_modified_time": 1588241895944,
            "location": "EU",
            "num_bytes": 0,
            "num_long_term_bytes": 0,
            "num_rows": 0,
            "project": "kaggle-halite",
            "schema": "[{\"mode\":\"NULLABLE\",\"name\":\"match_id\",\"type\":\"STRING\"},{\"mode\":\"NULLABLE\",\"name\":\"step\",\"type\":\"INTEGER\"},{\"mode\":\"NULLABLE\",\"name\":\"unit_id\",\"type\":\"STRING\"},{\"mode\":\"NULLABLE\",\"name\":\"action\",\"type\":\"STRING\"}]",
            "self_link": "https://www.googleapis.com/bigquery/v2/projects/kaggle-halite/datasets/benchmark/tables/_true_actions",
            "table_id": "_true_actions",
            "time_partitioning": [],
            "type": "VIEW",
            "view": [
              {
                "query": "SELECT * FROM `kaggle-halite.benchmark._ships_true_action` \nUNION ALL\nSELECT * FROM `kaggle-halite.benchmark._shipyards_true_action`;\n",
                "use_legacy_sql": false
              }
            ]
          },
          "private": "bnVsbA=="
        }
      ]
    },
    {
      "mode": "managed",
      "type": "google_bigquery_table",
      "name": "benchmark__units",
      "provider": "provider.google",
      "instances": [
        {
          "schema_version": 0,
          "attributes": {
            "clustering": null,
            "creation_time": 1588241905574,
            "dataset_id": "benchmark",
            "description": "",
            "encryption_configuration": [],
            "etag": "NS92qEqzt8s7AsHiRkOYZw==",
            "expiration_time": 0,
            "external_data_configuration": [],
            "friendly_name": "",
            "id": "projects/kaggle-halite/datasets/benchmark/tables/units",
            "labels": {},
            "last_modified_time": 1588358166046,
            "location": "EU",
            "num_bytes": 3217563,
            "num_long_term_bytes": 0,
            "num_rows": 36534,
            "project": "kaggle-halite",
            "schema": "[{\"mode\":\"REQUIRED\",\"name\":\"match_id\",\"type\":\"STRING\"},{\"mode\":\"REQUIRED\",\"name\":\"player_index\",\"type\":\"INTEGER\"},{\"mode\":\"REQUIRED\",\"name\":\"step\",\"type\":\"INTEGER\"},{\"mode\":\"REQUIRED\",\"name\":\"unit_id\",\"type\":\"STRING\"},{\"mode\":\"REQUIRED\",\"name\":\"unit_type\",\"type\":\"STRING\"},{\"mode\":\"REQUIRED\",\"name\":\"pos\",\"type\":\"INTEGER\"},{\"mode\":\"NULLABLE\",\"name\":\"halite\",\"type\":\"INTEGER\"},{\"mode\":\"REQUIRED\",\"name\":\"inserted_at\",\"type\":\"TIMESTAMP\"}]",
            "self_link": "https://www.googleapis.com/bigquery/v2/projects/kaggle-halite/datasets/benchmark/tables/units",
            "table_id": "units",
            "time_partitioning": [],
            "type": "TABLE",
            "view": []
          },
          "private": "bnVsbA=="
        }
      ]
    },
    {
      "mode": "managed",
      "type": "google_bigquery_table",
      "name": "benchmark__units_actions",
      "provider": "provider.google",
      "instances": [
        {
          "schema_version": 0,
          "attributes": {
            "clustering": null,
            "creation_time": 1588241911590,
            "dataset_id": "benchmark",
            "description": "",
            "encryption_configuration": [],
            "etag": "jUv+De5CjiEsJG1THR6N4A==",
            "expiration_time": 0,
            "external_data_configuration": [],
            "friendly_name": "",
            "id": "projects/kaggle-halite/datasets/benchmark/tables/_units_actions",
            "labels": {},
            "last_modified_time": 1588241911684,
            "location": "EU",
            "num_bytes": 0,
            "num_long_term_bytes": 0,
            "num_rows": 0,
            "project": "kaggle-halite",
            "schema": "[{\"mode\":\"NULLABLE\",\"name\":\"match_id\",\"type\":\"STRING\"},{\"mode\":\"NULLABLE\",\"name\":\"player_index\",\"type\":\"INTEGER\"},{\"mode\":\"NULLABLE\",\"name\":\"step\",\"type\":\"INTEGER\"},{\"mode\":\"NULLABLE\",\"name\":\"unit_id\",\"type\":\"STRING\"},{\"mode\":\"NULLABLE\",\"name\":\"unit_type\",\"type\":\"STRING\"},{\"mode\":\"NULLABLE\",\"name\":\"pos\",\"type\":\"INTEGER\"},{\"mode\":\"NULLABLE\",\"name\":\"halite\",\"type\":\"INTEGER\"},{\"mode\":\"NULLABLE\",\"name\":\"inserted_at\",\"type\":\"TIMESTAMP\"},{\"mode\":\"NULLABLE\",\"name\":\"action\",\"type\":\"STRING\"}]",
            "self_link": "https://www.googleapis.com/bigquery/v2/projects/kaggle-halite/datasets/benchmark/tables/_units_actions",
            "table_id": "_units_actions",
            "time_partitioning": [],
            "type": "VIEW",
            "view": [
              {
                "query": "SELECT\n    units.*,\n    actions.action\nFROM `kaggle-halite.benchmark.units` AS units\nLEFT JOIN `kaggle-halite.benchmark.actions` AS actions\nON units.match_id = actions.match_id\nAND units.step = actions.step\nAND units.unit_id = actions.unit_id;\n",
                "use_legacy_sql": false
              }
            ]
          },
          "private": "bnVsbA=="
        }
      ]
    },
    {
      "mode": "managed",
      "type": "google_bigquery_table",
      "name": "benchmark__units_created_deleted_at",
      "provider": "provider.google",
      "instances": [
        {
          "schema_version": 0,
          "attributes": {
            "clustering": null,
            "creation_time": 1588241905590,
            "dataset_id": "benchmark",
            "description": "",
            "encryption_configuration": [],
            "etag": "eWmYCBgUJzYuF8sDE0RHnA==",
            "expiration_time": 0,
            "external_data_configuration": [],
            "friendly_name": "",
            "id": "projects/kaggle-halite/datasets/benchmark/tables/_units_created_deleted_at",
            "labels": {},
            "last_modified_time": 1588241905668,
            "location": "EU",
            "num_bytes": 0,
            "num_long_term_bytes": 0,
            "num_rows": 0,
            "project": "kaggle-halite",
            "schema": "[{\"mode\":\"NULLABLE\",\"name\":\"match_id\",\"type\":\"STRING\"},{\"mode\":\"NULLABLE\",\"name\":\"unit_id\",\"type\":\"STRING\"},{\"mode\":\"NULLABLE\",\"name\":\"created_at\",\"type\":\"INTEGER\"},{\"mode\":\"NULLABLE\",\"name\":\"deleted_at\",\"type\":\"INTEGER\"}]",
            "self_link": "https://www.googleapis.com/bigquery/v2/projects/kaggle-halite/datasets/benchmark/tables/_units_created_deleted_at",
            "table_id": "_units_created_deleted_at",
            "time_partitioning": [],
            "type": "VIEW",
            "view": [
              {
                "query": "SELECT\n  match_id,\n  unit_id,\n  min(step) AS created_at,\n  max(step) AS deleted_at\nFROM `kaggle-halite.benchmark.units`\nGROUP BY match_id, unit_id;\n",
                "use_legacy_sql": false
              }
            ]
          },
          "private": "bnVsbA=="
        }
      ]
    },
    {
      "module": "module.leaderboard",
      "mode": "managed",
      "type": "google_bigquery_table",
      "name": "table__leaderboard",
      "provider": "provider.google",
      "instances": [
        {
          "schema_version": 0,
          "attributes": {
            "clustering": null,
            "creation_time": 1588365821529,
            "dataset_id": "leaderboard",
            "description": "",
            "encryption_configuration": [],
            "etag": "jcWA5kgA11NnTfhrgeF11A==",
            "expiration_time": 0,
            "external_data_configuration": [],
            "friendly_name": "",
            "id": "projects/kaggle-halite/datasets/leaderboard/tables/leaderboard",
            "labels": null,
            "last_modified_time": 1588365821560,
            "location": "EU",
            "num_bytes": 0,
            "num_long_term_bytes": 0,
            "num_rows": 0,
            "project": "kaggle-halite",
            "schema": "[{\"mode\":\"REQUIRED\",\"name\":\"competition\",\"type\":\"STRING\"},{\"mode\":\"REQUIRED\",\"name\":\"rank\",\"type\":\"INTEGER\"},{\"mode\":\"REQUIRED\",\"name\":\"team_id\",\"type\":\"STRING\"},{\"mode\":\"REQUIRED\",\"name\":\"team_name\",\"type\":\"STRING\"},{\"mode\":\"REQUIRED\",\"name\":\"score\",\"type\":\"FLOAT\"},{\"mode\":\"REQUIRED\",\"name\":\"submitted_at\",\"type\":\"TIMESTAMP\"},{\"mode\":\"REQUIRED\",\"name\":\"requested_at\",\"type\":\"TIMESTAMP\"},{\"mode\":\"REQUIRED\",\"name\":\"inserted_at\",\"type\":\"TIMESTAMP\"}]",
            "self_link": "https://www.googleapis.com/bigquery/v2/projects/kaggle-halite/datasets/leaderboard/tables/leaderboard",
            "table_id": "leaderboard",
            "time_partitioning": [],
            "type": "TABLE",
            "view": []
          },
          "private": "bnVsbA==",
          "dependencies": [
            "module.leaderboard.google_bigquery_dataset.dataset__leaderboard"
          ]
        }
      ]
    },
    {
      "module": "module.function_match_to_storage",
      "mode": "managed",
      "type": "google_cloudfunctions_function",
      "name": "function",
      "provider": "provider.google",
      "instances": [
        {
          "schema_version": 0,
          "attributes": {
            "available_memory_mb": 128,
            "description": "Reads a match from a PubSub message and dumps it in Cloud Storage.",
            "entry_point": "main",
            "environment_variables": {},
            "event_trigger": [
              {
                "event_type": "google.pubsub.topic.publish",
                "failure_policy": [
                  {
                    "retry": false
                  }
                ],
                "resource": "projects/kaggle-halite/topics/match"
              }
            ],
            "https_trigger_url": null,
            "id": "projects/kaggle-halite/locations/europe-west3/functions/match-to-storage-LBMv8JAyy6XDqIpun9_U2Q",
            "ingress_settings": "ALLOW_ALL",
            "labels": {},
            "max_instances": 0,
            "name": "match-to-storage-LBMv8JAyy6XDqIpun9_U2Q",
            "project": "kaggle-halite",
            "region": "europe-west3",
            "runtime": "python37",
            "service_account_email": "kaggle-halite@appspot.gserviceaccount.com",
            "source_archive_bucket": "functions-archive",
            "source_archive_object": "match-to-storage.zip",
            "source_repository": [],
            "timeout": 60,
            "timeouts": null,
            "trigger_http": null,
            "vpc_connector": "",
            "vpc_connector_egress_settings": ""
          },
          "private": "eyJlMmJmYjczMC1lY2FhLTExZTYtOGY4OC0zNDM2M2JjN2M0YzAiOnsiY3JlYXRlIjozMDAwMDAwMDAwMDAsImRlbGV0ZSI6MzAwMDAwMDAwMDAwLCJyZWFkIjozMDAwMDAwMDAwMDAsInVwZGF0ZSI6MzAwMDAwMDAwMDAwfX0=",
          "dependencies": [
            "google_storage_bucket.archive_bucket",
            "module.function_match_to_storage.google_storage_bucket_object.archive_zip"
          ]
        }
      ]
    },
    {
      "module": "module.leaderboard.module.function__leaderboard_request",
      "mode": "managed",
      "type": "google_cloudfunctions_function",
      "name": "function",
      "provider": "provider.google",
      "instances": [
        {
          "schema_version": 0,
          "attributes": {
            "available_memory_mb": 128,
            "description": "Reads a leaderboard request from a PubSub message, requests the leaderboard from Kaggle and publishes it to a PubSub topic.",
            "entry_point": "main",
            "environment_variables": {
              "KAGGLE_KEY": "3116dc5fe4b8a773831f858075b885f9",
              "KAGGLE_USERNAME": "jbj2505"
            },
            "event_trigger": [
              {
                "event_type": "google.pubsub.topic.publish",
                "failure_policy": [
                  {
                    "retry": false
                  }
                ],
                "resource": "projects/kaggle-halite/topics/leaderboard-request"
              }
            ],
            "https_trigger_url": null,
            "id": "projects/kaggle-halite/locations/europe-west3/functions/leaderboard-request-Caqt7XuWRxlokkPDLqnkxg",
            "ingress_settings": "ALLOW_ALL",
            "labels": {},
            "max_instances": 0,
            "name": "leaderboard-request-Caqt7XuWRxlokkPDLqnkxg",
            "project": "kaggle-halite",
            "region": "europe-west3",
            "runtime": "python37",
            "service_account_email": "kaggle-halite@appspot.gserviceaccount.com",
            "source_archive_bucket": "functions-archive",
            "source_archive_object": "leaderboard-request.zip",
            "source_repository": [],
            "timeout": 60,
            "timeouts": null,
            "trigger_http": null,
            "vpc_connector": "",
            "vpc_connector_egress_settings": ""
          },
          "private": "eyJlMmJmYjczMC1lY2FhLTExZTYtOGY4OC0zNDM2M2JjN2M0YzAiOnsiY3JlYXRlIjozMDAwMDAwMDAwMDAsImRlbGV0ZSI6MzAwMDAwMDAwMDAwLCJyZWFkIjozMDAwMDAwMDAwMDAsInVwZGF0ZSI6MzAwMDAwMDAwMDAwfX0=",
          "dependencies": [
            "google_storage_bucket.archive_bucket",
            "module.leaderboard.module.function__leaderboard_request.google_storage_bucket_object.archive_zip"
          ]
        }
      ]
    },
    {
      "module": "module.leaderboard.module.function__leaderboard_to_bigquery",
      "mode": "managed",
      "type": "google_cloudfunctions_function",
      "name": "function",
      "provider": "provider.google",
      "instances": [
        {
          "schema_version": 0,
          "attributes": {
            "available_memory_mb": 128,
            "description": "Reads a leaderboard entry from a PubSub message and inserts it into BigQuery.",
            "entry_point": "main",
            "environment_variables": {},
            "event_trigger": [
              {
                "event_type": "google.pubsub.topic.publish",
                "failure_policy": [
                  {
                    "retry": false
                  }
                ],
                "resource": "projects/kaggle-halite/topics/leaderboard"
              }
            ],
            "https_trigger_url": null,
            "id": "projects/kaggle-halite/locations/europe-west3/functions/leaderboard-to-bigquery-i3Gbd1Qze-Wp7sh8iOTWYw",
            "ingress_settings": "ALLOW_ALL",
            "labels": {},
            "max_instances": 0,
            "name": "leaderboard-to-bigquery-i3Gbd1Qze-Wp7sh8iOTWYw",
            "project": "kaggle-halite",
            "region": "europe-west3",
            "runtime": "python37",
            "service_account_email": "kaggle-halite@appspot.gserviceaccount.com",
            "source_archive_bucket": "functions-archive",
            "source_archive_object": "leaderboard-to-bigquery.zip",
            "source_repository": [],
            "timeout": 60,
            "timeouts": null,
            "trigger_http": null,
            "vpc_connector": "",
            "vpc_connector_egress_settings": ""
          },
          "private": "eyJlMmJmYjczMC1lY2FhLTExZTYtOGY4OC0zNDM2M2JjN2M0YzAiOnsiY3JlYXRlIjozMDAwMDAwMDAwMDAsImRlbGV0ZSI6MzAwMDAwMDAwMDAwLCJyZWFkIjozMDAwMDAwMDAwMDAsInVwZGF0ZSI6MzAwMDAwMDAwMDAwfX0=",
          "dependencies": [
            "google_storage_bucket.archive_bucket",
            "module.leaderboard.module.function__leaderboard_to_bigquery.google_storage_bucket_object.archive_zip"
          ]
        }
      ]
    },
    {
      "module": "module.function_match_to_bigquery",
      "mode": "managed",
      "type": "google_cloudfunctions_function",
      "name": "function",
      "provider": "provider.google",
      "instances": [
        {
          "schema_version": 0,
          "attributes": {
            "available_memory_mb": 128,
            "description": "Reads a match from a PubSub message and inserts it to BigQuery.",
            "entry_point": "main",
            "environment_variables": {},
            "event_trigger": [
              {
                "event_type": "google.pubsub.topic.publish",
                "failure_policy": [
                  {
                    "retry": false
                  }
                ],
                "resource": "projects/kaggle-halite/topics/match"
              }
            ],
            "https_trigger_url": null,
            "id": "projects/kaggle-halite/locations/europe-west3/functions/match-to-bigquery-sWAWiTEOEjxBIuQSwD9MFg",
            "ingress_settings": "ALLOW_ALL",
            "labels": {},
            "max_instances": 0,
            "name": "match-to-bigquery-sWAWiTEOEjxBIuQSwD9MFg",
            "project": "kaggle-halite",
            "region": "europe-west3",
            "runtime": "python37",
            "service_account_email": "kaggle-halite@appspot.gserviceaccount.com",
            "source_archive_bucket": "functions-archive",
            "source_archive_object": "match-to-bigquery.zip",
            "source_repository": [],
            "timeout": 60,
            "timeouts": null,
            "trigger_http": null,
            "vpc_connector": "",
            "vpc_connector_egress_settings": ""
          },
          "private": "eyJlMmJmYjczMC1lY2FhLTExZTYtOGY4OC0zNDM2M2JjN2M0YzAiOnsiY3JlYXRlIjozMDAwMDAwMDAwMDAsImRlbGV0ZSI6MzAwMDAwMDAwMDAwLCJyZWFkIjozMDAwMDAwMDAwMDAsInVwZGF0ZSI6MzAwMDAwMDAwMDAwfX0=",
          "dependencies": [
            "google_storage_bucket.archive_bucket",
            "module.function_match_to_bigquery.google_storage_bucket_object.archive_zip"
          ]
        }
      ]
    },
    {
      "mode": "managed",
      "type": "google_pubsub_topic",
      "name": "topic__leaderboard",
      "provider": "provider.google",
      "instances": [
        {
          "schema_version": 0,
          "attributes": {
            "id": "projects/kaggle-halite/topics/leaderboard",
            "kms_key_name": "",
            "labels": {},
            "message_storage_policy": [],
            "name": "leaderboard",
            "project": "kaggle-halite",
            "timeouts": {
              "create": null,
              "delete": null,
              "update": null
            }
          },
          "private": "eyJlMmJmYjczMC1lY2FhLTExZTYtOGY4OC0zNDM2M2JjN2M0YzAiOnsiY3JlYXRlIjozNjAwMDAwMDAwMDAsImRlbGV0ZSI6MjQwMDAwMDAwMDAwLCJ1cGRhdGUiOjM2MDAwMDAwMDAwMH0sInNjaGVtYV92ZXJzaW9uIjoiMCJ9"
        }
      ]
    },
    {
      "mode": "managed",
      "type": "google_pubsub_topic",
      "name": "topic__leaderboard_request",
      "provider": "provider.google",
      "instances": [
        {
          "schema_version": 0,
          "attributes": {
            "id": "projects/kaggle-halite/topics/leaderboard-request",
            "kms_key_name": "",
            "labels": {},
            "message_storage_policy": [],
            "name": "leaderboard-request",
            "project": "kaggle-halite",
            "timeouts": null
          },
          "private": "eyJlMmJmYjczMC1lY2FhLTExZTYtOGY4OC0zNDM2M2JjN2M0YzAiOnsiY3JlYXRlIjozNjAwMDAwMDAwMDAsImRlbGV0ZSI6MjQwMDAwMDAwMDAwLCJ1cGRhdGUiOjM2MDAwMDAwMDAwMH19"
        }
      ]
    },
    {
      "mode": "managed",
      "type": "google_pubsub_topic",
      "name": "topic__match",
      "provider": "provider.google",
      "instances": [
        {
          "schema_version": 0,
          "attributes": {
            "id": "projects/kaggle-halite/topics/match",
            "kms_key_name": "",
            "labels": {},
            "message_storage_policy": [],
            "name": "match",
            "project": "kaggle-halite",
            "timeouts": null
          },
          "private": "eyJlMmJmYjczMC1lY2FhLTExZTYtOGY4OC0zNDM2M2JjN2M0YzAiOnsiY3JlYXRlIjozNjAwMDAwMDAwMDAsImRlbGV0ZSI6MjQwMDAwMDAwMDAwLCJ1cGRhdGUiOjM2MDAwMDAwMDAwMH19"
        }
      ]
    },
    {
      "mode": "managed",
      "type": "google_pubsub_topic",
      "name": "topic__match_request",
      "provider": "provider.google",
      "instances": [
        {
          "schema_version": 0,
          "attributes": {
            "id": "projects/kaggle-halite/topics/match-request",
            "kms_key_name": "",
            "labels": {},
            "message_storage_policy": [],
            "name": "match-request",
            "project": "kaggle-halite",
            "timeouts": null
          },
          "private": "eyJlMmJmYjczMC1lY2FhLTExZTYtOGY4OC0zNDM2M2JjN2M0YzAiOnsiY3JlYXRlIjozNjAwMDAwMDAwMDAsImRlbGV0ZSI6MjQwMDAwMDAwMDAwLCJ1cGRhdGUiOjM2MDAwMDAwMDAwMH19"
        }
      ]
    },
    {
      "mode": "managed",
      "type": "google_storage_bucket",
      "name": "archive_bucket",
      "provider": "provider.google",
      "instances": [
        {
          "schema_version": 0,
          "attributes": {
            "bucket_policy_only": false,
            "cors": [],
            "default_event_based_hold": false,
            "encryption": [],
            "force_destroy": false,
            "id": "functions-archive",
            "labels": {},
            "lifecycle_rule": [],
            "location": "EU",
            "logging": [],
            "name": "functions-archive",
            "project": "kaggle-halite",
            "requester_pays": false,
            "retention_policy": [],
            "self_link": "https://www.googleapis.com/storage/v1/b/functions-archive",
            "storage_class": "STANDARD",
            "url": "gs://functions-archive",
            "versioning": [],
            "website": []
          },
          "private": "eyJzY2hlbWFfdmVyc2lvbiI6IjAifQ=="
        }
      ]
    },
    {
      "module": "module.function_match_to_storage",
      "mode": "managed",
      "type": "google_storage_bucket_object",
      "name": "archive_zip",
      "provider": "provider.google",
      "instances": [
        {
          "schema_version": 0,
          "attributes": {
            "bucket": "functions-archive",
            "cache_control": "",
            "content": null,
            "content_disposition": "",
            "content_encoding": "",
            "content_language": "",
            "content_type": "application/zip",
            "crc32c": "0Mjz5A==",
            "detect_md5hash": "LBMv8JAyy6XDqIpun9/U2Q==",
            "id": "functions-archive-match-to-storage.zip",
            "md5hash": "LBMv8JAyy6XDqIpun9/U2Q==",
            "metadata": null,
            "name": "match-to-storage.zip",
            "output_name": "match-to-storage.zip",
            "self_link": "https://www.googleapis.com/storage/v1/b/functions-archive/o/match-to-storage.zip",
            "source": "./match-to-storage.zip",
            "storage_class": "STANDARD"
          },
          "private": "bnVsbA==",
          "dependencies": [
            "google_storage_bucket.archive_bucket"
          ]
        }
      ]
    },
    {
      "module": "module.leaderboard.module.function__leaderboard_request",
      "mode": "managed",
      "type": "google_storage_bucket_object",
      "name": "archive_zip",
      "provider": "provider.google",
      "instances": [
        {
          "schema_version": 0,
          "attributes": {
            "bucket": "functions-archive",
            "cache_control": "",
            "content": null,
            "content_disposition": "",
            "content_encoding": "",
            "content_language": "",
            "content_type": "application/zip",
            "crc32c": "bJLDeg==",
            "detect_md5hash": "Caqt7XuWRxlokkPDLqnkxg==",
            "id": "functions-archive-leaderboard-request.zip",
            "md5hash": "Caqt7XuWRxlokkPDLqnkxg==",
            "metadata": null,
            "name": "leaderboard-request.zip",
            "output_name": "leaderboard-request.zip",
            "self_link": "https://www.googleapis.com/storage/v1/b/functions-archive/o/leaderboard-request.zip",
            "source": "./leaderboard-request.zip",
            "storage_class": "STANDARD"
          },
          "private": "bnVsbA==",
          "dependencies": [
            "google_storage_bucket.archive_bucket"
          ]
        }
      ]
    },
    {
      "module": "module.leaderboard.module.function__leaderboard_to_bigquery",
      "mode": "managed",
      "type": "google_storage_bucket_object",
      "name": "archive_zip",
      "provider": "provider.google",
      "instances": [
        {
          "schema_version": 0,
          "attributes": {
            "bucket": "functions-archive",
            "cache_control": "",
            "content": null,
            "content_disposition": "",
            "content_encoding": "",
            "content_language": "",
            "content_type": "application/zip",
            "crc32c": "Pvn6zw==",
            "detect_md5hash": "i3Gbd1Qze+Wp7sh8iOTWYw==",
            "id": "functions-archive-leaderboard-to-bigquery.zip",
            "md5hash": "i3Gbd1Qze+Wp7sh8iOTWYw==",
            "metadata": null,
            "name": "leaderboard-to-bigquery.zip",
            "output_name": "leaderboard-to-bigquery.zip",
            "self_link": "https://www.googleapis.com/storage/v1/b/functions-archive/o/leaderboard-to-bigquery.zip",
            "source": "./leaderboard-to-bigquery.zip",
            "storage_class": "STANDARD"
          },
          "private": "bnVsbA==",
          "dependencies": [
            "google_storage_bucket.archive_bucket"
          ]
        }
      ]
    },
    {
      "module": "module.function_match_to_bigquery",
      "mode": "managed",
      "type": "google_storage_bucket_object",
      "name": "archive_zip",
      "provider": "provider.google",
      "instances": [
        {
          "schema_version": 0,
          "attributes": {
            "bucket": "functions-archive",
            "cache_control": "",
            "content": null,
            "content_disposition": "",
            "content_encoding": "",
            "content_language": "",
            "content_type": "application/zip",
            "crc32c": "3DfXJA==",
            "detect_md5hash": "sWAWiTEOEjxBIuQSwD9MFg==",
            "id": "functions-archive-match-to-bigquery.zip",
            "md5hash": "sWAWiTEOEjxBIuQSwD9MFg==",
            "metadata": null,
            "name": "match-to-bigquery.zip",
            "output_name": "match-to-bigquery.zip",
            "self_link": "https://www.googleapis.com/storage/v1/b/functions-archive/o/match-to-bigquery.zip",
            "source": "./match-to-bigquery.zip",
            "storage_class": "STANDARD"
          },
          "private": "bnVsbA==",
          "dependencies": [
            "google_storage_bucket.archive_bucket"
          ]
        }
      ]
    }
  ]
}
