{
  "version": 4,
  "terraform_version": "0.12.23",
  "serial": 456,
  "lineage": "57a7bffc-afcd-a842-f63b-b3068cd19d3a",
  "outputs": {},
  "resources": [
    {
      "module": "module.benchmark.module.function_match_to_storage",
      "mode": "data",
      "type": "archive_file",
      "name": "source_zip",
      "provider": "provider.archive",
      "instances": [
        {
          "schema_version": 0,
          "attributes": {
            "excludes": null,
            "id": "e42e53543e4f5349a281b6739282878f2e72892c",
            "output_base64sha256": "TBqfyrHrhROAYsbs5XVeH49TfOc7OgYOHG/zqb08eXQ=",
            "output_md5": "c2d97ecf36ac41a3e2505496d2f139ca",
            "output_path": "./.source_zip/match-to-storage.zip",
            "output_sha": "e42e53543e4f5349a281b6739282878f2e72892c",
            "output_size": 682,
            "source": [],
            "source_content": null,
            "source_content_filename": null,
            "source_dir": "../functions/match-to-storage",
            "source_file": null,
            "type": "zip"
          }
        }
      ]
    },
    {
      "module": "module.leaderboard.module.function__leaderboard_to_bigquery",
      "mode": "data",
      "type": "archive_file",
      "name": "source_zip",
      "provider": "provider.archive",
      "instances": [
        {
          "schema_version": 0,
          "attributes": {
            "excludes": null,
            "id": "b53d334b14364f75ff79ca970159e1072a8193c5",
            "output_base64sha256": "Ul7JilT6GHT8ETReG030QQ2CNVVRr4XwTIF3C0+9gwo=",
            "output_md5": "8b719b7754337be5a9eec87c88e4d663",
            "output_path": "./.source_zip/leaderboard-to-bigquery.zip",
            "output_sha": "b53d334b14364f75ff79ca970159e1072a8193c5",
            "output_size": 609,
            "source": [],
            "source_content": null,
            "source_content_filename": null,
            "source_dir": "../functions/leaderboard-to-bigquery",
            "source_file": null,
            "type": "zip"
          }
        }
      ]
    },
    {
      "module": "module.leaderboard.module.function__leaderboard_request",
      "mode": "data",
      "type": "archive_file",
      "name": "source_zip",
      "provider": "provider.archive",
      "instances": [
        {
          "schema_version": 0,
          "attributes": {
            "excludes": null,
            "id": "997d3e2cee81f1ece239d45826de250aa427550c",
            "output_base64sha256": "F6nQ1rBoiIjUjCttGjjBWK3zAjTwgSamW668woHpBO4=",
            "output_md5": "2ec826133d21ef68b5e5f8e38a6c894f",
            "output_path": "./.source_zip/leaderboard-request.zip",
            "output_sha": "997d3e2cee81f1ece239d45826de250aa427550c",
            "output_size": 1324,
            "source": [],
            "source_content": null,
            "source_content_filename": null,
            "source_dir": "../functions/leaderboard-request",
            "source_file": null,
            "type": "zip"
          }
        }
      ]
    },
    {
      "module": "module.benchmark.module.function_match_to_bigquery",
      "mode": "data",
      "type": "archive_file",
      "name": "source_zip",
      "provider": "provider.archive",
      "instances": [
        {
          "schema_version": 0,
          "attributes": {
            "excludes": null,
            "id": "6b1744d0aecb88ea5d2b69d29a420c82bbc625e1",
            "output_base64sha256": "DcUreyQvDQPfoX393K44q6bahalnJBB4pbcO4y4EEmM=",
            "output_md5": "24ac8c919f83cdca9530e6432147a11b",
            "output_path": "./.source_zip/match-to-bigquery.zip",
            "output_sha": "6b1744d0aecb88ea5d2b69d29a420c82bbc625e1",
            "output_size": 1389,
            "source": [],
            "source_content": null,
            "source_content_filename": null,
            "source_dir": "../functions/match-to-bigquery",
            "source_file": null,
            "type": "zip"
          }
        }
      ]
    },
    {
      "mode": "data",
      "type": "google_project",
      "name": "kaggle_halite",
      "provider": "provider.google",
      "instances": [
        {
          "schema_version": 0,
          "attributes": {
            "auto_create_network": null,
            "billing_account": "010903-227015-FD1FB1",
            "folder_id": null,
            "id": "projects/kaggle-halite",
            "labels": {},
            "name": "kaggle-halite",
            "number": "455929898067",
            "org_id": null,
            "project_id": "kaggle-halite",
            "skip_delete": null
          }
        }
      ]
    },
    {
      "module": "module.benchmark",
      "mode": "managed",
      "type": "google_bigquery_dataset",
      "name": "dataset",
      "provider": "provider.google",
      "instances": [
        {
          "schema_version": 0,
          "attributes": {
            "access": [
              {
                "domain": "",
                "group_by_email": "",
                "role": "WRITER",
                "special_group": "",
                "user_by_email": "haakon.robinson@gmail.com",
                "view": []
              },
              {
                "domain": null,
                "group_by_email": null,
                "role": "OWNER",
                "special_group": null,
                "user_by_email": "jan.jagusch@gmail.com",
                "view": []
              }
            ],
            "creation_time": 1587994809220,
            "dataset_id": "benchmark",
            "default_encryption_configuration": [],
            "default_partition_expiration_ms": 0,
            "default_table_expiration_ms": 0,
            "delete_contents_on_destroy": false,
            "description": "Stores configuration and results of benchmarking matches between agents.",
            "etag": "l87lcEqaK2VtIJVN7wvzhQ==",
            "friendly_name": "benchmark",
            "id": "projects/kaggle-halite/datasets/benchmark",
            "labels": {},
            "last_modified_time": 1588954739419,
            "location": "EU",
            "project": "kaggle-halite",
            "self_link": "https://www.googleapis.com/bigquery/v2/projects/kaggle-halite/datasets/benchmark",
            "timeouts": null
          },
          "private": "eyJlMmJmYjczMC1lY2FhLTExZTYtOGY4OC0zNDM2M2JjN2M0YzAiOnsiY3JlYXRlIjoyNDAwMDAwMDAwMDAsImRlbGV0ZSI6MjQwMDAwMDAwMDAwLCJ1cGRhdGUiOjI0MDAwMDAwMDAwMH19"
        }
      ]
    },
    {
      "module": "module.leaderboard",
      "mode": "managed",
      "type": "google_bigquery_dataset",
      "name": "dataset__leaderboard",
      "provider": "provider.google",
      "instances": [
        {
          "schema_version": 0,
          "attributes": {
            "access": [
              {
                "domain": "",
                "group_by_email": "",
                "role": "WRITER",
                "special_group": "",
                "user_by_email": "haakon.robinson@gmail.com",
                "view": []
              },
              {
                "domain": null,
                "group_by_email": null,
                "role": "OWNER",
                "special_group": null,
                "user_by_email": "jan.jagusch@gmail.com",
                "view": []
              }
            ],
            "creation_time": 1588365820524,
            "dataset_id": "leaderboard",
            "default_encryption_configuration": [],
            "default_partition_expiration_ms": 0,
            "default_table_expiration_ms": 0,
            "delete_contents_on_destroy": false,
            "description": "Stores historical leaderboard of competition.",
            "etag": "CcJt0bmOfTnoCXUYsxVlZQ==",
            "friendly_name": "leaderboard",
            "id": "projects/kaggle-halite/datasets/leaderboard",
            "labels": {},
            "last_modified_time": 1588954739422,
            "location": "EU",
            "project": "kaggle-halite",
            "self_link": "https://www.googleapis.com/bigquery/v2/projects/kaggle-halite/datasets/leaderboard",
            "timeouts": null
          },
          "private": "eyJlMmJmYjczMC1lY2FhLTExZTYtOGY4OC0zNDM2M2JjN2M0YzAiOnsiY3JlYXRlIjoyNDAwMDAwMDAwMDAsImRlbGV0ZSI6MjQwMDAwMDAwMDAwLCJ1cGRhdGUiOjI0MDAwMDAwMDAwMH19"
        }
      ]
    },
    {
      "module": "module.benchmark",
      "mode": "managed",
      "type": "google_bigquery_table",
      "name": "benchmark__boards",
      "provider": "provider.google",
      "instances": [
        {
          "schema_version": 0,
          "attributes": {
            "clustering": null,
            "creation_time": 1588867129838,
            "dataset_id": "benchmark",
            "description": "",
            "encryption_configuration": [],
            "etag": "ZYaYLCEAZbJWuHtLTOlfaA==",
            "expiration_time": 0,
            "external_data_configuration": [],
            "friendly_name": "",
            "id": "projects/kaggle-halite/datasets/benchmark/tables/boards",
            "labels": {},
            "last_modified_time": 1588954180187,
            "location": "EU",
            "num_bytes": 62587332,
            "num_long_term_bytes": 0,
            "num_rows": 33758,
            "project": "kaggle-halite",
            "schema": "[{\"mode\":\"REQUIRED\",\"name\":\"match_id\",\"type\":\"STRING\"},{\"mode\":\"REQUIRED\",\"name\":\"step\",\"type\":\"INTEGER\"},{\"mode\":\"REPEATED\",\"name\":\"halite\",\"type\":\"INTEGER\"},{\"mode\":\"REQUIRED\",\"name\":\"inserted_at\",\"type\":\"TIMESTAMP\"}]",
            "self_link": "https://www.googleapis.com/bigquery/v2/projects/kaggle-halite/datasets/benchmark/tables/boards",
            "table_id": "boards",
            "time_partitioning": [],
            "type": "TABLE",
            "view": []
          },
          "private": "bnVsbA==",
          "dependencies": [
            "module.benchmark.google_bigquery_dataset.dataset"
          ]
        }
      ]
    },
    {
      "module": "module.benchmark",
      "mode": "managed",
      "type": "google_bigquery_table",
      "name": "benchmark__players",
      "provider": "provider.google",
      "instances": [
        {
          "schema_version": 0,
          "attributes": {
            "clustering": null,
            "creation_time": 1588867129817,
            "dataset_id": "benchmark",
            "description": "",
            "encryption_configuration": [],
            "etag": "jvK9rmZrkztUwFUQ7dN6ZQ==",
            "expiration_time": 0,
            "external_data_configuration": [],
            "friendly_name": "",
            "id": "projects/kaggle-halite/datasets/benchmark/tables/players",
            "labels": {},
            "last_modified_time": 1588954195519,
            "location": "EU",
            "num_bytes": 10104568,
            "num_long_term_bytes": 0,
            "num_rows": 135032,
            "project": "kaggle-halite",
            "schema": "[{\"mode\":\"REQUIRED\",\"name\":\"match_id\",\"type\":\"STRING\"},{\"mode\":\"REQUIRED\",\"name\":\"player_index\",\"type\":\"INTEGER\"},{\"mode\":\"REQUIRED\",\"name\":\"step\",\"type\":\"INTEGER\"},{\"mode\":\"REQUIRED\",\"name\":\"halite\",\"type\":\"INTEGER\"},{\"mode\":\"NULLABLE\",\"name\":\"reward\",\"type\":\"INTEGER\"},{\"mode\":\"REQUIRED\",\"name\":\"inserted_at\",\"type\":\"TIMESTAMP\"}]",
            "self_link": "https://www.googleapis.com/bigquery/v2/projects/kaggle-halite/datasets/benchmark/tables/players",
            "table_id": "players",
            "time_partitioning": [],
            "type": "TABLE",
            "view": []
          },
          "private": "bnVsbA==",
          "dependencies": [
            "module.benchmark.google_bigquery_dataset.dataset"
          ]
        }
      ]
    },
    {
      "module": "module.benchmark",
      "mode": "managed",
      "type": "google_bigquery_table",
      "name": "benchmark__units",
      "provider": "provider.google",
      "instances": [
        {
          "schema_version": 0,
          "attributes": {
            "clustering": null,
            "creation_time": 1588867129817,
            "dataset_id": "benchmark",
            "description": "",
            "encryption_configuration": [],
            "etag": "EANQho0fA9osdP/ntvELvg==",
            "expiration_time": 0,
            "external_data_configuration": [],
            "friendly_name": "",
            "id": "projects/kaggle-halite/datasets/benchmark/tables/units",
            "labels": {},
            "last_modified_time": 1588954197319,
            "location": "EU",
            "num_bytes": 23171628,
            "num_long_term_bytes": 0,
            "num_rows": 262450,
            "project": "kaggle-halite",
            "schema": "[{\"mode\":\"REQUIRED\",\"name\":\"match_id\",\"type\":\"STRING\"},{\"mode\":\"REQUIRED\",\"name\":\"player_index\",\"type\":\"INTEGER\"},{\"mode\":\"REQUIRED\",\"name\":\"step\",\"type\":\"INTEGER\"},{\"mode\":\"REQUIRED\",\"name\":\"unit_id\",\"type\":\"STRING\"},{\"mode\":\"REQUIRED\",\"name\":\"unit_type\",\"type\":\"STRING\"},{\"mode\":\"REQUIRED\",\"name\":\"pos\",\"type\":\"INTEGER\"},{\"mode\":\"NULLABLE\",\"name\":\"halite\",\"type\":\"INTEGER\"},{\"mode\":\"REQUIRED\",\"name\":\"inserted_at\",\"type\":\"TIMESTAMP\"}]",
            "self_link": "https://www.googleapis.com/bigquery/v2/projects/kaggle-halite/datasets/benchmark/tables/units",
            "table_id": "units",
            "time_partitioning": [],
            "type": "TABLE",
            "view": []
          },
          "private": "bnVsbA==",
          "dependencies": [
            "module.benchmark.google_bigquery_dataset.dataset"
          ]
        }
      ]
    },
    {
      "module": "module.benchmark",
      "mode": "managed",
      "type": "google_bigquery_table",
      "name": "table__actions",
      "provider": "provider.google",
      "instances": [
        {
          "schema_version": 0,
          "attributes": {
            "clustering": null,
            "creation_time": 1588867129815,
            "dataset_id": "benchmark",
            "description": "",
            "encryption_configuration": [],
            "etag": "tGUYIrAo3ZrLKHgajKRm5g==",
            "expiration_time": 0,
            "external_data_configuration": [],
            "friendly_name": "",
            "id": "projects/kaggle-halite/datasets/benchmark/tables/actions",
            "labels": {},
            "last_modified_time": 1588954178336,
            "location": "EU",
            "num_bytes": 9688319,
            "num_long_term_bytes": 0,
            "num_rows": 146626,
            "project": "kaggle-halite",
            "schema": "[{\"mode\":\"REQUIRED\",\"name\":\"match_id\",\"type\":\"STRING\"},{\"mode\":\"REQUIRED\",\"name\":\"step\",\"type\":\"INTEGER\"},{\"mode\":\"REQUIRED\",\"name\":\"unit_id\",\"type\":\"STRING\"},{\"mode\":\"REQUIRED\",\"name\":\"action\",\"type\":\"STRING\"},{\"mode\":\"REQUIRED\",\"name\":\"inserted_at\",\"type\":\"TIMESTAMP\"}]",
            "self_link": "https://www.googleapis.com/bigquery/v2/projects/kaggle-halite/datasets/benchmark/tables/actions",
            "table_id": "actions",
            "time_partitioning": [],
            "type": "TABLE",
            "view": []
          },
          "private": "bnVsbA==",
          "dependencies": [
            "module.benchmark.google_bigquery_dataset.dataset"
          ]
        }
      ]
    },
    {
      "module": "module.leaderboard",
      "mode": "managed",
      "type": "google_bigquery_table",
      "name": "table__leaderboard",
      "provider": "provider.google",
      "instances": [
        {
          "schema_version": 0,
          "attributes": {
            "clustering": null,
            "creation_time": 1588365821529,
            "dataset_id": "leaderboard",
            "description": "",
            "encryption_configuration": [],
            "etag": "jcWA5kgA11NnTfhrgeF11A==",
            "expiration_time": 0,
            "external_data_configuration": [],
            "friendly_name": "",
            "id": "projects/kaggle-halite/datasets/leaderboard/tables/leaderboard",
            "labels": {},
            "last_modified_time": 1588429721355,
            "location": "EU",
            "num_bytes": 70102,
            "num_long_term_bytes": 0,
            "num_rows": 977,
            "project": "kaggle-halite",
            "schema": "[{\"mode\":\"REQUIRED\",\"name\":\"competition\",\"type\":\"STRING\"},{\"mode\":\"REQUIRED\",\"name\":\"rank\",\"type\":\"INTEGER\"},{\"mode\":\"REQUIRED\",\"name\":\"team_id\",\"type\":\"STRING\"},{\"mode\":\"REQUIRED\",\"name\":\"team_name\",\"type\":\"STRING\"},{\"mode\":\"REQUIRED\",\"name\":\"score\",\"type\":\"FLOAT\"},{\"mode\":\"REQUIRED\",\"name\":\"submitted_at\",\"type\":\"TIMESTAMP\"},{\"mode\":\"REQUIRED\",\"name\":\"requested_at\",\"type\":\"TIMESTAMP\"},{\"mode\":\"REQUIRED\",\"name\":\"inserted_at\",\"type\":\"TIMESTAMP\"}]",
            "self_link": "https://www.googleapis.com/bigquery/v2/projects/kaggle-halite/datasets/leaderboard/tables/leaderboard",
            "table_id": "leaderboard",
            "time_partitioning": [],
            "type": "TABLE",
            "view": []
          },
          "private": "bnVsbA==",
          "dependencies": [
            "module.leaderboard.google_bigquery_dataset.dataset__leaderboard"
          ]
        }
      ]
    },
    {
      "module": "module.benchmark",
      "mode": "managed",
      "type": "google_bigquery_table",
      "name": "table__matches",
      "provider": "provider.google",
      "instances": [
        {
          "schema_version": 0,
          "attributes": {
            "clustering": null,
            "creation_time": 1588867129820,
            "dataset_id": "benchmark",
            "description": "",
            "encryption_configuration": [],
            "etag": "LA49B2+N7o/PYTTGkT2Fhg==",
            "expiration_time": 0,
            "external_data_configuration": [],
            "friendly_name": "",
            "id": "projects/kaggle-halite/datasets/benchmark/tables/matches",
            "labels": {},
            "last_modified_time": 1588954745245,
            "location": "EU",
            "num_bytes": 38792,
            "num_long_term_bytes": 0,
            "num_rows": 104,
            "project": "kaggle-halite",
            "schema": "[{\"mode\":\"REQUIRED\",\"name\":\"match_id\",\"type\":\"STRING\"},{\"description\":\"Ordered list of agent IDs.\",\"mode\":\"REPEATED\",\"name\":\"agents\",\"type\":\"STRING\"},{\"fields\":[{\"mode\":\"REQUIRED\",\"name\":\"episode_steps\",\"type\":\"INTEGER\"},{\"mode\":\"REQUIRED\",\"name\":\"agent_exec\",\"type\":\"STRING\"},{\"mode\":\"REQUIRED\",\"name\":\"agent_timeout\",\"type\":\"INTEGER\"},{\"mode\":\"REQUIRED\",\"name\":\"act_timeout\",\"type\":\"INTEGER\"},{\"mode\":\"REQUIRED\",\"name\":\"run_timeout\",\"type\":\"INTEGER\"},{\"mode\":\"REQUIRED\",\"name\":\"halite\",\"type\":\"INTEGER\"},{\"mode\":\"REQUIRED\",\"name\":\"size\",\"type\":\"INTEGER\"},{\"mode\":\"REQUIRED\",\"name\":\"spawn_cost\",\"type\":\"INTEGER\"},{\"mode\":\"REQUIRED\",\"name\":\"convert_cost\",\"type\":\"INTEGER\"},{\"mode\":\"REQUIRED\",\"name\":\"move_cost\",\"type\":\"FLOAT\"},{\"mode\":\"REQUIRED\",\"name\":\"collect_rate\",\"type\":\"FLOAT\"},{\"mode\":\"REQUIRED\",\"name\":\"regen_rate\",\"type\":\"FLOAT\"}],\"mode\":\"REQUIRED\",\"name\":\"configuration\",\"type\":\"RECORD\"},{\"description\":\"Abitrary key-value pairs.\",\"fields\":[{\"mode\":\"REQUIRED\",\"name\":\"key\",\"type\":\"STRING\"},{\"mode\":\"REQUIRED\",\"name\":\"value\",\"type\":\"STRING\"}],\"mode\":\"REPEATED\",\"name\":\"tags\",\"type\":\"RECORD\"},{\"description\":\"Pseudo-random number seed.\",\"mode\":\"REQUIRED\",\"name\":\"seed\",\"type\":\"INTEGER\"},{\"mode\":\"REQUIRED\",\"name\":\"inserted_at\",\"type\":\"TIMESTAMP\"},{\"mode\":\"NULLABLE\",\"name\":\"version\",\"type\":\"STRING\"}]",
            "self_link": "https://www.googleapis.com/bigquery/v2/projects/kaggle-halite/datasets/benchmark/tables/matches",
            "table_id": "matches",
            "time_partitioning": [],
            "type": "TABLE",
            "view": []
          },
          "private": "bnVsbA==",
          "dependencies": [
            "module.benchmark.google_bigquery_dataset.dataset"
          ]
        }
      ]
    },
    {
      "module": "module.benchmark.module.view_units_created_deleted_at",
      "mode": "managed",
      "type": "google_bigquery_table",
      "name": "view",
      "provider": "provider.google",
      "instances": [
        {
          "schema_version": 0,
          "attributes": {
            "clustering": null,
            "creation_time": 1588421158452,
            "dataset_id": "benchmark",
            "description": "",
            "encryption_configuration": [],
            "etag": "YXyJMDwFMRCMJE0Vg1kI0g==",
            "expiration_time": 0,
            "external_data_configuration": [],
            "friendly_name": "",
            "id": "projects/kaggle-halite/datasets/benchmark/tables/_units_created_deleted_at",
            "labels": {},
            "last_modified_time": 1588868170474,
            "location": "EU",
            "num_bytes": 0,
            "num_long_term_bytes": 0,
            "num_rows": 0,
            "project": "kaggle-halite",
            "schema": "[{\"mode\":\"NULLABLE\",\"name\":\"match_id\",\"type\":\"STRING\"},{\"mode\":\"NULLABLE\",\"name\":\"unit_id\",\"type\":\"STRING\"},{\"mode\":\"NULLABLE\",\"name\":\"created_at\",\"type\":\"INTEGER\"},{\"mode\":\"NULLABLE\",\"name\":\"deleted_at\",\"type\":\"INTEGER\"}]",
            "self_link": "https://www.googleapis.com/bigquery/v2/projects/kaggle-halite/datasets/benchmark/tables/_units_created_deleted_at",
            "table_id": "_units_created_deleted_at",
            "time_partitioning": [],
            "type": "VIEW",
            "view": [
              {
                "query": "SELECT\n  match_id,\n  unit_id,\n  min(step) AS created_at,\n  max(step) AS deleted_at\nFROM `kaggle-halite.benchmark._units_latest`\nGROUP BY match_id, unit_id;\n",
                "use_legacy_sql": false
              }
            ]
          },
          "private": "bnVsbA==",
          "dependencies": [
            "module.benchmark.google_bigquery_dataset.dataset"
          ]
        }
      ]
    },
    {
      "module": "module.benchmark.module.view_shipyards_true_action",
      "mode": "managed",
      "type": "google_bigquery_table",
      "name": "view",
      "provider": "provider.google",
      "instances": [
        {
          "schema_version": 0,
          "attributes": {
            "clustering": null,
            "creation_time": 1588420849822,
            "dataset_id": "benchmark",
            "description": "",
            "encryption_configuration": [],
            "etag": "ZQWd0kVBYh7UyI7A2LXkPw==",
            "expiration_time": 0,
            "external_data_configuration": [],
            "friendly_name": "",
            "id": "projects/kaggle-halite/datasets/benchmark/tables/_shipyards_true_action",
            "labels": {},
            "last_modified_time": 1588420849953,
            "location": "EU",
            "num_bytes": 0,
            "num_long_term_bytes": 0,
            "num_rows": 0,
            "project": "kaggle-halite",
            "schema": "[{\"mode\":\"NULLABLE\",\"name\":\"match_id\",\"type\":\"STRING\"},{\"mode\":\"NULLABLE\",\"name\":\"step\",\"type\":\"INTEGER\"},{\"mode\":\"NULLABLE\",\"name\":\"unit_id\",\"type\":\"STRING\"},{\"mode\":\"NULLABLE\",\"name\":\"action\",\"type\":\"STRING\"}]",
            "self_link": "https://www.googleapis.com/bigquery/v2/projects/kaggle-halite/datasets/benchmark/tables/_shipyards_true_action",
            "table_id": "_shipyards_true_action",
            "time_partitioning": [],
            "type": "VIEW",
            "view": [
              {
                "query": "SELECT\n  match_id,\n  player_index\n  step,\n  unit_id,\n  CASE\n    WHEN action = \"SPAWN\" THEN action\n    ELSE NULL\n  END AS action  \nFROM `kaggle-halite.benchmark._units_actions` \nWHERE unit_type = \"shipyard\";\n",
                "use_legacy_sql": false
              }
            ]
          },
          "private": "bnVsbA==",
          "dependencies": [
            "module.benchmark.google_bigquery_dataset.dataset"
          ]
        }
      ]
    },
    {
      "module": "module.benchmark.module.view_matches_agent_player_index",
      "mode": "managed",
      "type": "google_bigquery_table",
      "name": "view",
      "provider": "provider.google",
      "instances": [
        {
          "schema_version": 0,
          "attributes": {
            "clustering": null,
            "creation_time": 1588420849323,
            "dataset_id": "benchmark",
            "description": "",
            "encryption_configuration": [],
            "etag": "7OyTv2E/EkjPck9wtSYIuw==",
            "expiration_time": 0,
            "external_data_configuration": [],
            "friendly_name": "",
            "id": "projects/kaggle-halite/datasets/benchmark/tables/_matches_agent_player_index",
            "labels": {},
            "last_modified_time": 1588869947745,
            "location": "EU",
            "num_bytes": 0,
            "num_long_term_bytes": 0,
            "num_rows": 0,
            "project": "kaggle-halite",
            "schema": "[{\"mode\":\"NULLABLE\",\"name\":\"match_id\",\"type\":\"STRING\"},{\"mode\":\"NULLABLE\",\"name\":\"agent\",\"type\":\"STRING\"},{\"mode\":\"NULLABLE\",\"name\":\"agent_short\",\"type\":\"STRING\"},{\"mode\":\"NULLABLE\",\"name\":\"player_index\",\"type\":\"INTEGER\"}]",
            "self_link": "https://www.googleapis.com/bigquery/v2/projects/kaggle-halite/datasets/benchmark/tables/_matches_agent_player_index",
            "table_id": "_matches_agent_player_index",
            "time_partitioning": [],
            "type": "VIEW",
            "view": [
              {
                "query": "SELECT\n  match_id,\n  agent,\n  REGEXP_REPLACE(agent, \".*:\", \"\") AS agent_short,\n  row_number() OVER (PARTITION BY match_id) - 1 AS player_index\nFROM (\n  SELECT * EXCEPT(agents)\n  FROM `kaggle-halite.benchmark._matches_latest`,\n  UNNEST(agents) as agent\n);\n",
                "use_legacy_sql": false
              }
            ]
          },
          "private": "bnVsbA==",
          "dependencies": [
            "module.benchmark.google_bigquery_dataset.dataset"
          ]
        }
      ]
    },
    {
      "module": "module.benchmark.module.view_matches_latest",
      "mode": "managed",
      "type": "google_bigquery_table",
      "name": "view",
      "provider": "provider.google",
      "instances": [
        {
          "schema_version": 0,
          "attributes": {
            "clustering": null,
            "creation_time": 1588867871241,
            "dataset_id": "benchmark",
            "description": "",
            "encryption_configuration": [],
            "etag": "3atlgd63Imii04Wwcve3Cg==",
            "expiration_time": 0,
            "external_data_configuration": [],
            "friendly_name": "",
            "id": "projects/kaggle-halite/datasets/benchmark/tables/_matches_latest",
            "labels": {},
            "last_modified_time": 1588867871334,
            "location": "EU",
            "num_bytes": 0,
            "num_long_term_bytes": 0,
            "num_rows": 0,
            "project": "kaggle-halite",
            "schema": "[{\"mode\":\"NULLABLE\",\"name\":\"match_id\",\"type\":\"STRING\"},{\"mode\":\"REPEATED\",\"name\":\"agents\",\"type\":\"STRING\"},{\"fields\":[{\"mode\":\"NULLABLE\",\"name\":\"episode_steps\",\"type\":\"INTEGER\"},{\"mode\":\"NULLABLE\",\"name\":\"agent_exec\",\"type\":\"STRING\"},{\"mode\":\"NULLABLE\",\"name\":\"agent_timeout\",\"type\":\"INTEGER\"},{\"mode\":\"NULLABLE\",\"name\":\"act_timeout\",\"type\":\"INTEGER\"},{\"mode\":\"NULLABLE\",\"name\":\"run_timeout\",\"type\":\"INTEGER\"},{\"mode\":\"NULLABLE\",\"name\":\"halite\",\"type\":\"INTEGER\"},{\"mode\":\"NULLABLE\",\"name\":\"size\",\"type\":\"INTEGER\"},{\"mode\":\"NULLABLE\",\"name\":\"spawn_cost\",\"type\":\"INTEGER\"},{\"mode\":\"NULLABLE\",\"name\":\"convert_cost\",\"type\":\"INTEGER\"},{\"mode\":\"NULLABLE\",\"name\":\"move_cost\",\"type\":\"FLOAT\"},{\"mode\":\"NULLABLE\",\"name\":\"collect_rate\",\"type\":\"FLOAT\"},{\"mode\":\"NULLABLE\",\"name\":\"regen_rate\",\"type\":\"FLOAT\"}],\"mode\":\"NULLABLE\",\"name\":\"configuration\",\"type\":\"RECORD\"},{\"fields\":[{\"mode\":\"NULLABLE\",\"name\":\"key\",\"type\":\"STRING\"},{\"mode\":\"NULLABLE\",\"name\":\"value\",\"type\":\"STRING\"}],\"mode\":\"REPEATED\",\"name\":\"tags\",\"type\":\"RECORD\"},{\"mode\":\"NULLABLE\",\"name\":\"seed\",\"type\":\"INTEGER\"},{\"mode\":\"NULLABLE\",\"name\":\"inserted_at\",\"type\":\"TIMESTAMP\"}]",
            "self_link": "https://www.googleapis.com/bigquery/v2/projects/kaggle-halite/datasets/benchmark/tables/_matches_latest",
            "table_id": "_matches_latest",
            "time_partitioning": [],
            "type": "VIEW",
            "view": [
              {
                "query": "SELECT * except(row_number)\nFROM (\n  SELECT\n    *,\n    row_number() OVER (PARTITION BY match_id ORDER BY inserted_at DESC) AS row_number\n  FROM `kaggle-halite.benchmark.matches`\n)\nWHERE row_number=1;",
                "use_legacy_sql": false
              }
            ]
          },
          "private": "bnVsbA==",
          "dependencies": [
            "module.benchmark.google_bigquery_dataset.dataset"
          ]
        }
      ]
    },
    {
      "module": "module.benchmark.module.view_players_latest",
      "mode": "managed",
      "type": "google_bigquery_table",
      "name": "view",
      "provider": "provider.google",
      "instances": [
        {
          "schema_version": 0,
          "attributes": {
            "clustering": null,
            "creation_time": 1588867871267,
            "dataset_id": "benchmark",
            "description": "",
            "encryption_configuration": [],
            "etag": "QuLGCtKhywyfFmeK1R9kyg==",
            "expiration_time": 0,
            "external_data_configuration": [],
            "friendly_name": "",
            "id": "projects/kaggle-halite/datasets/benchmark/tables/_players_latest",
            "labels": {},
            "last_modified_time": 1588867871341,
            "location": "EU",
            "num_bytes": 0,
            "num_long_term_bytes": 0,
            "num_rows": 0,
            "project": "kaggle-halite",
            "schema": "[{\"mode\":\"NULLABLE\",\"name\":\"match_id\",\"type\":\"STRING\"},{\"mode\":\"NULLABLE\",\"name\":\"player_index\",\"type\":\"INTEGER\"},{\"mode\":\"NULLABLE\",\"name\":\"step\",\"type\":\"INTEGER\"},{\"mode\":\"NULLABLE\",\"name\":\"halite\",\"type\":\"INTEGER\"},{\"mode\":\"NULLABLE\",\"name\":\"reward\",\"type\":\"INTEGER\"},{\"mode\":\"NULLABLE\",\"name\":\"inserted_at\",\"type\":\"TIMESTAMP\"}]",
            "self_link": "https://www.googleapis.com/bigquery/v2/projects/kaggle-halite/datasets/benchmark/tables/_players_latest",
            "table_id": "_players_latest",
            "time_partitioning": [],
            "type": "VIEW",
            "view": [
              {
                "query": "SELECT * except(row_number)\nFROM (\n  SELECT\n    *,\n    row_number() OVER (PARTITION BY match_id, step, player_index ORDER BY inserted_at DESC) AS row_number\n  FROM `kaggle-halite.benchmark.players`\n)\nWHERE row_number=1;\n",
                "use_legacy_sql": false
              }
            ]
          },
          "private": "bnVsbA==",
          "dependencies": [
            "module.benchmark.google_bigquery_dataset.dataset"
          ]
        }
      ]
    },
    {
      "module": "module.benchmark.module.view_matches_rank",
      "mode": "managed",
      "type": "google_bigquery_table",
      "name": "view",
      "provider": "provider.google",
      "instances": [
        {
          "schema_version": 0,
          "attributes": {
            "clustering": null,
            "creation_time": 1588421158456,
            "dataset_id": "benchmark",
            "description": "",
            "encryption_configuration": [],
            "etag": "97nSI9nVngwuBo6pe8RXGg==",
            "expiration_time": 0,
            "external_data_configuration": [],
            "friendly_name": "",
            "id": "projects/kaggle-halite/datasets/benchmark/tables/_matches_rank",
            "labels": {},
            "last_modified_time": 1588421158585,
            "location": "EU",
            "num_bytes": 0,
            "num_long_term_bytes": 0,
            "num_rows": 0,
            "project": "kaggle-halite",
            "schema": "[{\"mode\":\"NULLABLE\",\"name\":\"match_id\",\"type\":\"STRING\"},{\"mode\":\"NULLABLE\",\"name\":\"player_index\",\"type\":\"INTEGER\"},{\"mode\":\"NULLABLE\",\"name\":\"rank\",\"type\":\"INTEGER\"}]",
            "self_link": "https://www.googleapis.com/bigquery/v2/projects/kaggle-halite/datasets/benchmark/tables/_matches_rank",
            "table_id": "_matches_rank",
            "time_partitioning": [],
            "type": "VIEW",
            "view": [
              {
                "query": "SELECT\n  match_id,\n  player_index,\n  COUNTIF(loss) + 1 as rank\nFROM (\n  SELECT \n    results_1.match_id,\n    results_1.player_index,\n    CASE\n      WHEN results_2.reward IS NULL THEN FALSE\n      WHEN results_1.reward IS NULL THEN TRUE\n      WHEN results_2.reward \u003e results_1.reward THEN TRUE\n      ELSE FALSE\n    END AS loss\n  FROM `kaggle-halite.benchmark._matches_result` AS results_1\n  INNER JOIN `kaggle-halite.benchmark._matches_result` as results_2\n  ON results_1.match_id = results_2.match_id\n  AND results_1.player_index != results_2.player_index\n)\nGROUP BY match_id, player_index\n",
                "use_legacy_sql": false
              }
            ]
          },
          "private": "bnVsbA==",
          "dependencies": [
            "module.benchmark.google_bigquery_dataset.dataset"
          ]
        }
      ]
    },
    {
      "module": "module.benchmark.module.view_ships_true_action",
      "mode": "managed",
      "type": "google_bigquery_table",
      "name": "view",
      "provider": "provider.google",
      "instances": [
        {
          "schema_version": 0,
          "attributes": {
            "clustering": null,
            "creation_time": 1588421531952,
            "dataset_id": "benchmark",
            "description": "",
            "encryption_configuration": [],
            "etag": "8U7yF1rAzu2507Ao84b9jA==",
            "expiration_time": 0,
            "external_data_configuration": [],
            "friendly_name": "",
            "id": "projects/kaggle-halite/datasets/benchmark/tables/_ships_true_action",
            "labels": {},
            "last_modified_time": 1588868170449,
            "location": "EU",
            "num_bytes": 0,
            "num_long_term_bytes": 0,
            "num_rows": 0,
            "project": "kaggle-halite",
            "schema": "[{\"mode\":\"NULLABLE\",\"name\":\"match_id\",\"type\":\"STRING\"},{\"mode\":\"NULLABLE\",\"name\":\"step\",\"type\":\"INTEGER\"},{\"mode\":\"NULLABLE\",\"name\":\"unit_id\",\"type\":\"STRING\"},{\"mode\":\"NULLABLE\",\"name\":\"action\",\"type\":\"STRING\"}]",
            "self_link": "https://www.googleapis.com/bigquery/v2/projects/kaggle-halite/datasets/benchmark/tables/_ships_true_action",
            "table_id": "_ships_true_action",
            "time_partitioning": [],
            "type": "VIEW",
            "view": [
              {
                "query": "SELECT\n  match_id,\n  step,\n  unit_id,\n  CASE\n    WHEN action IS NOT NULL THEN action\n    WHEN created_at = step THEN NULL\n    WHEN shipyard_id IS NOT NULL THEN \"DEPOSIT\"\n    WHEN next_shipyard_action = \"CONVERT\" THEN next_shipyard_action\n    ELSE \"MINE\"\n  END AS action\nFROM (\n  SELECT \n    ship_actions.match_id,\n    ship_actions.player_index,\n    ship_actions.step,\n    ship_actions.unit_id,\n    ship_actions.pos,\n    ship_actions.action,\n    shipyards.unit_id as shipyard_id,\n    next_shipyard_actions.action as next_shipyard_action,\n    units_created_deleted_at.created_at \n  FROM (\n    SELECT *\n    FROM `kaggle-halite.benchmark._units_actions`\n    WHERE unit_type = \"ship\"\n  ) AS ship_actions\n  LEFT JOIN (\n    SELECT *\n    FROM `kaggle-halite.benchmark._units_latest` \n    WHERE unit_type = \"shipyard\"\n  ) AS shipyards\n  ON ship_actions.match_id = shipyards.match_id\n  AND ship_actions.step = shipyards.step\n  AND ship_actions.pos = shipyards.pos\n  LEFT JOIN (\n    SELECT *\n    FROM `kaggle-halite.benchmark._units_actions` \n    WHERE unit_type = \"shipyard\"\n  ) as next_shipyard_actions\n  ON ship_actions.match_id = next_shipyard_actions.match_id \n  AND ship_actions.step + 1 = next_shipyard_actions.step \n  AND ship_actions.player_index = next_shipyard_actions.player_index \n  AND ship_actions.pos = next_shipyard_actions.pos\n  LEFT JOIN `kaggle-halite.benchmark._units_created_deleted_at` as units_created_deleted_at \n  ON ship_actions.match_id = units_created_deleted_at.match_id \n  AND ship_actions.unit_id = units_created_deleted_at.unit_id \n);\n",
                "use_legacy_sql": false
              }
            ]
          },
          "private": "bnVsbA==",
          "dependencies": [
            "module.benchmark.google_bigquery_dataset.dataset"
          ]
        }
      ]
    },
    {
      "module": "module.benchmark.module.view_matches_overview",
      "mode": "managed",
      "type": "google_bigquery_table",
      "name": "view",
      "provider": "provider.google",
      "instances": [
        {
          "schema_version": 0,
          "attributes": {
            "clustering": null,
            "creation_time": 1588421531954,
            "dataset_id": "benchmark",
            "description": "",
            "encryption_configuration": [],
            "etag": "yhQOY39R3fJ81Q/fPLxcYg==",
            "expiration_time": 0,
            "external_data_configuration": [],
            "friendly_name": "",
            "id": "projects/kaggle-halite/datasets/benchmark/tables/_matches_overview",
            "labels": {},
            "last_modified_time": 1588870370586,
            "location": "EU",
            "num_bytes": 0,
            "num_long_term_bytes": 0,
            "num_rows": 0,
            "project": "kaggle-halite",
            "schema": "[{\"mode\":\"NULLABLE\",\"name\":\"match_id\",\"type\":\"STRING\"},{\"fields\":[{\"mode\":\"NULLABLE\",\"name\":\"match_id\",\"type\":\"STRING\"},{\"mode\":\"NULLABLE\",\"name\":\"agent\",\"type\":\"STRING\"},{\"mode\":\"NULLABLE\",\"name\":\"agent_short\",\"type\":\"STRING\"},{\"mode\":\"NULLABLE\",\"name\":\"player_index\",\"type\":\"INTEGER\"}],\"mode\":\"NULLABLE\",\"name\":\"agents\",\"type\":\"RECORD\"},{\"mode\":\"NULLABLE\",\"name\":\"halite\",\"type\":\"INTEGER\"},{\"mode\":\"NULLABLE\",\"name\":\"rank\",\"type\":\"INTEGER\"},{\"fields\":[{\"mode\":\"NULLABLE\",\"name\":\"episode_steps\",\"type\":\"INTEGER\"},{\"mode\":\"NULLABLE\",\"name\":\"agent_exec\",\"type\":\"STRING\"},{\"mode\":\"NULLABLE\",\"name\":\"agent_timeout\",\"type\":\"INTEGER\"},{\"mode\":\"NULLABLE\",\"name\":\"act_timeout\",\"type\":\"INTEGER\"},{\"mode\":\"NULLABLE\",\"name\":\"run_timeout\",\"type\":\"INTEGER\"},{\"mode\":\"NULLABLE\",\"name\":\"halite\",\"type\":\"INTEGER\"},{\"mode\":\"NULLABLE\",\"name\":\"size\",\"type\":\"INTEGER\"},{\"mode\":\"NULLABLE\",\"name\":\"spawn_cost\",\"type\":\"INTEGER\"},{\"mode\":\"NULLABLE\",\"name\":\"convert_cost\",\"type\":\"INTEGER\"},{\"mode\":\"NULLABLE\",\"name\":\"move_cost\",\"type\":\"FLOAT\"},{\"mode\":\"NULLABLE\",\"name\":\"collect_rate\",\"type\":\"FLOAT\"},{\"mode\":\"NULLABLE\",\"name\":\"regen_rate\",\"type\":\"FLOAT\"}],\"mode\":\"NULLABLE\",\"name\":\"configuration\",\"type\":\"RECORD\"},{\"fields\":[{\"mode\":\"NULLABLE\",\"name\":\"key\",\"type\":\"STRING\"},{\"mode\":\"NULLABLE\",\"name\":\"value\",\"type\":\"STRING\"}],\"mode\":\"REPEATED\",\"name\":\"tags\",\"type\":\"RECORD\"},{\"mode\":\"NULLABLE\",\"name\":\"seed\",\"type\":\"INTEGER\"},{\"mode\":\"NULLABLE\",\"name\":\"inserted_at\",\"type\":\"TIMESTAMP\"}]",
            "self_link": "https://www.googleapis.com/bigquery/v2/projects/kaggle-halite/datasets/benchmark/tables/_matches_overview",
            "table_id": "_matches_overview",
            "time_partitioning": [],
            "type": "VIEW",
            "view": [
              {
                "query": "SELECT\n  agents.match_id,\n  agents,\n  results.halite,\n  ranks.rank,\n  matches.configuration,\n  matches.tags,\n  matches.seed,\n  matches.inserted_at\nFROM `kaggle-halite.benchmark._matches_agent_player_index` AS agents\nLEFT JOIN `kaggle-halite.benchmark._matches_result` AS results\nON agents.match_id = results.match_id \nAND agents.player_index = results.player_index\nLEFT JOIN `kaggle-halite.benchmark._matches_rank` AS ranks\nON agents.match_id = ranks.match_id \nAND agents.player_index = ranks.player_index\nLEFT JOIN `kaggle-halite.benchmark._matches_latest` AS matches\nON agents.match_id = matches.match_id\n",
                "use_legacy_sql": false
              }
            ]
          },
          "private": "bnVsbA==",
          "dependencies": [
            "module.benchmark.google_bigquery_dataset.dataset"
          ]
        }
      ]
    },
    {
      "module": "module.benchmark.module.view_matches_result",
      "mode": "managed",
      "type": "google_bigquery_table",
      "name": "view",
      "provider": "provider.google",
      "instances": [
        {
          "schema_version": 0,
          "attributes": {
            "clustering": null,
            "creation_time": 1588420849815,
            "dataset_id": "benchmark",
            "description": "",
            "encryption_configuration": [],
            "etag": "qxuTnPhd0/5vkfIBXv2X0Q==",
            "expiration_time": 0,
            "external_data_configuration": [],
            "friendly_name": "",
            "id": "projects/kaggle-halite/datasets/benchmark/tables/_matches_result",
            "labels": {},
            "last_modified_time": 1588868170474,
            "location": "EU",
            "num_bytes": 0,
            "num_long_term_bytes": 0,
            "num_rows": 0,
            "project": "kaggle-halite",
            "schema": "[{\"mode\":\"NULLABLE\",\"name\":\"match_id\",\"type\":\"STRING\"},{\"mode\":\"NULLABLE\",\"name\":\"player_index\",\"type\":\"INTEGER\"},{\"mode\":\"NULLABLE\",\"name\":\"step\",\"type\":\"INTEGER\"},{\"mode\":\"NULLABLE\",\"name\":\"halite\",\"type\":\"INTEGER\"},{\"mode\":\"NULLABLE\",\"name\":\"reward\",\"type\":\"INTEGER\"}]",
            "self_link": "https://www.googleapis.com/bigquery/v2/projects/kaggle-halite/datasets/benchmark/tables/_matches_result",
            "table_id": "_matches_result",
            "time_partitioning": [],
            "type": "VIEW",
            "view": [
              {
                "query": "SELECT\n    match_id,\n    player_index,\n    step,\n    halite,\n    reward\nFROM (\n    SELECT\n        *,\n        row_number() OVER (PARTITION BY match_id, player_index ORDER BY step DESC) AS row_number\n    FROM `kaggle-halite.benchmark._players_latest`\n)\nWHERE row_number = 1\nORDER BY match_id, player_index;\n",
                "use_legacy_sql": false
              }
            ]
          },
          "private": "bnVsbA==",
          "dependencies": [
            "module.benchmark.google_bigquery_dataset.dataset"
          ]
        }
      ]
    },
    {
      "module": "module.benchmark.module.view_boards_latest",
      "mode": "managed",
      "type": "google_bigquery_table",
      "name": "view",
      "provider": "provider.google",
      "instances": [
        {
          "schema_version": 0,
          "attributes": {
            "clustering": null,
            "creation_time": 1588867871250,
            "dataset_id": "benchmark",
            "description": "",
            "encryption_configuration": [],
            "etag": "R+4QXGqPffrvtOosB2Mjqg==",
            "expiration_time": 0,
            "external_data_configuration": [],
            "friendly_name": "",
            "id": "projects/kaggle-halite/datasets/benchmark/tables/_boards_latest",
            "labels": {},
            "last_modified_time": 1588867871332,
            "location": "EU",
            "num_bytes": 0,
            "num_long_term_bytes": 0,
            "num_rows": 0,
            "project": "kaggle-halite",
            "schema": "[{\"mode\":\"NULLABLE\",\"name\":\"match_id\",\"type\":\"STRING\"},{\"mode\":\"NULLABLE\",\"name\":\"step\",\"type\":\"INTEGER\"},{\"mode\":\"REPEATED\",\"name\":\"halite\",\"type\":\"INTEGER\"},{\"mode\":\"NULLABLE\",\"name\":\"inserted_at\",\"type\":\"TIMESTAMP\"}]",
            "self_link": "https://www.googleapis.com/bigquery/v2/projects/kaggle-halite/datasets/benchmark/tables/_boards_latest",
            "table_id": "_boards_latest",
            "time_partitioning": [],
            "type": "VIEW",
            "view": [
              {
                "query": "SELECT * except(row_number)\nFROM (\n  SELECT\n    *,\n    row_number() OVER (PARTITION BY match_id, step ORDER BY inserted_at DESC) AS row_number\n  FROM `kaggle-halite.benchmark.boards`\n)\nWHERE row_number=1;\n",
                "use_legacy_sql": false
              }
            ]
          },
          "private": "bnVsbA==",
          "dependencies": [
            "module.benchmark.google_bigquery_dataset.dataset"
          ]
        }
      ]
    },
    {
      "module": "module.benchmark.module.view_true_actions",
      "mode": "managed",
      "type": "google_bigquery_table",
      "name": "view",
      "provider": "provider.google",
      "instances": [
        {
          "schema_version": 0,
          "attributes": {
            "clustering": null,
            "creation_time": 1588421547013,
            "dataset_id": "benchmark",
            "description": "",
            "encryption_configuration": [],
            "etag": "/qPOosBM4RMizG+U6wIUPw==",
            "expiration_time": 0,
            "external_data_configuration": [],
            "friendly_name": "",
            "id": "projects/kaggle-halite/datasets/benchmark/tables/_true_actions",
            "labels": {},
            "last_modified_time": 1588421547232,
            "location": "EU",
            "num_bytes": 0,
            "num_long_term_bytes": 0,
            "num_rows": 0,
            "project": "kaggle-halite",
            "schema": "[{\"mode\":\"NULLABLE\",\"name\":\"match_id\",\"type\":\"STRING\"},{\"mode\":\"NULLABLE\",\"name\":\"step\",\"type\":\"INTEGER\"},{\"mode\":\"NULLABLE\",\"name\":\"unit_id\",\"type\":\"STRING\"},{\"mode\":\"NULLABLE\",\"name\":\"action\",\"type\":\"STRING\"}]",
            "self_link": "https://www.googleapis.com/bigquery/v2/projects/kaggle-halite/datasets/benchmark/tables/_true_actions",
            "table_id": "_true_actions",
            "time_partitioning": [],
            "type": "VIEW",
            "view": [
              {
                "query": "SELECT * FROM `kaggle-halite.benchmark._ships_true_action` \nUNION ALL\nSELECT * FROM `kaggle-halite.benchmark._shipyards_true_action`;\n",
                "use_legacy_sql": false
              }
            ]
          },
          "private": "bnVsbA==",
          "dependencies": [
            "module.benchmark.google_bigquery_dataset.dataset"
          ]
        }
      ]
    },
    {
      "module": "module.benchmark.module.view_units_actions",
      "mode": "managed",
      "type": "google_bigquery_table",
      "name": "view",
      "provider": "provider.google",
      "instances": [
        {
          "schema_version": 0,
          "attributes": {
            "clustering": null,
            "creation_time": 1588420849557,
            "dataset_id": "benchmark",
            "description": "",
            "encryption_configuration": [],
            "etag": "86JQGOAY78uF8nD0L5nebw==",
            "expiration_time": 0,
            "external_data_configuration": [],
            "friendly_name": "",
            "id": "projects/kaggle-halite/datasets/benchmark/tables/_units_actions",
            "labels": {},
            "last_modified_time": 1588868170387,
            "location": "EU",
            "num_bytes": 0,
            "num_long_term_bytes": 0,
            "num_rows": 0,
            "project": "kaggle-halite",
            "schema": "[{\"mode\":\"NULLABLE\",\"name\":\"match_id\",\"type\":\"STRING\"},{\"mode\":\"NULLABLE\",\"name\":\"player_index\",\"type\":\"INTEGER\"},{\"mode\":\"NULLABLE\",\"name\":\"step\",\"type\":\"INTEGER\"},{\"mode\":\"NULLABLE\",\"name\":\"unit_id\",\"type\":\"STRING\"},{\"mode\":\"NULLABLE\",\"name\":\"unit_type\",\"type\":\"STRING\"},{\"mode\":\"NULLABLE\",\"name\":\"pos\",\"type\":\"INTEGER\"},{\"mode\":\"NULLABLE\",\"name\":\"halite\",\"type\":\"INTEGER\"},{\"mode\":\"NULLABLE\",\"name\":\"inserted_at\",\"type\":\"TIMESTAMP\"},{\"mode\":\"NULLABLE\",\"name\":\"action\",\"type\":\"STRING\"}]",
            "self_link": "https://www.googleapis.com/bigquery/v2/projects/kaggle-halite/datasets/benchmark/tables/_units_actions",
            "table_id": "_units_actions",
            "time_partitioning": [],
            "type": "VIEW",
            "view": [
              {
                "query": "SELECT\n    units.*,\n    actions.action\nFROM `kaggle-halite.benchmark._units_latest` AS units\nLEFT JOIN `kaggle-halite.benchmark._actions_latest` AS actions\nON units.match_id = actions.match_id\nAND units.step = actions.step\nAND units.unit_id = actions.unit_id;\n",
                "use_legacy_sql": false
              }
            ]
          },
          "private": "bnVsbA==",
          "dependencies": [
            "module.benchmark.google_bigquery_dataset.dataset"
          ]
        }
      ]
    },
    {
      "module": "module.benchmark.module.view_units_latest",
      "mode": "managed",
      "type": "google_bigquery_table",
      "name": "view",
      "provider": "provider.google",
      "instances": [
        {
          "schema_version": 0,
          "attributes": {
            "clustering": null,
            "creation_time": 1588867871280,
            "dataset_id": "benchmark",
            "description": "",
            "encryption_configuration": [],
            "etag": "Ynl0s5NtMlQ4MAhdocbKrw==",
            "expiration_time": 0,
            "external_data_configuration": [],
            "friendly_name": "",
            "id": "projects/kaggle-halite/datasets/benchmark/tables/_units_latest",
            "labels": {},
            "last_modified_time": 1588867871345,
            "location": "EU",
            "num_bytes": 0,
            "num_long_term_bytes": 0,
            "num_rows": 0,
            "project": "kaggle-halite",
            "schema": "[{\"mode\":\"NULLABLE\",\"name\":\"match_id\",\"type\":\"STRING\"},{\"mode\":\"NULLABLE\",\"name\":\"player_index\",\"type\":\"INTEGER\"},{\"mode\":\"NULLABLE\",\"name\":\"step\",\"type\":\"INTEGER\"},{\"mode\":\"NULLABLE\",\"name\":\"unit_id\",\"type\":\"STRING\"},{\"mode\":\"NULLABLE\",\"name\":\"unit_type\",\"type\":\"STRING\"},{\"mode\":\"NULLABLE\",\"name\":\"pos\",\"type\":\"INTEGER\"},{\"mode\":\"NULLABLE\",\"name\":\"halite\",\"type\":\"INTEGER\"},{\"mode\":\"NULLABLE\",\"name\":\"inserted_at\",\"type\":\"TIMESTAMP\"}]",
            "self_link": "https://www.googleapis.com/bigquery/v2/projects/kaggle-halite/datasets/benchmark/tables/_units_latest",
            "table_id": "_units_latest",
            "time_partitioning": [],
            "type": "VIEW",
            "view": [
              {
                "query": "SELECT * except(row_number)\nFROM (\n  SELECT\n    *,\n    row_number() OVER (PARTITION BY match_id, step, unit_id ORDER BY inserted_at DESC) AS row_number\n  FROM `kaggle-halite.benchmark.units`\n)\nWHERE row_number=1;\n",
                "use_legacy_sql": false
              }
            ]
          },
          "private": "bnVsbA==",
          "dependencies": [
            "module.benchmark.google_bigquery_dataset.dataset"
          ]
        }
      ]
    },
    {
      "module": "module.benchmark.module.view_actions_latest",
      "mode": "managed",
      "type": "google_bigquery_table",
      "name": "view",
      "provider": "provider.google",
      "instances": [
        {
          "schema_version": 0,
          "attributes": {
            "clustering": null,
            "creation_time": 1588867871252,
            "dataset_id": "benchmark",
            "description": "",
            "encryption_configuration": [],
            "etag": "5Cti9snJsmDE3XtaVkma8A==",
            "expiration_time": 0,
            "external_data_configuration": [],
            "friendly_name": "",
            "id": "projects/kaggle-halite/datasets/benchmark/tables/_actions_latest",
            "labels": {},
            "last_modified_time": 1588867871312,
            "location": "EU",
            "num_bytes": 0,
            "num_long_term_bytes": 0,
            "num_rows": 0,
            "project": "kaggle-halite",
            "schema": "[{\"mode\":\"NULLABLE\",\"name\":\"match_id\",\"type\":\"STRING\"},{\"mode\":\"NULLABLE\",\"name\":\"step\",\"type\":\"INTEGER\"},{\"mode\":\"NULLABLE\",\"name\":\"unit_id\",\"type\":\"STRING\"},{\"mode\":\"NULLABLE\",\"name\":\"action\",\"type\":\"STRING\"},{\"mode\":\"NULLABLE\",\"name\":\"inserted_at\",\"type\":\"TIMESTAMP\"}]",
            "self_link": "https://www.googleapis.com/bigquery/v2/projects/kaggle-halite/datasets/benchmark/tables/_actions_latest",
            "table_id": "_actions_latest",
            "time_partitioning": [],
            "type": "VIEW",
            "view": [
              {
                "query": "SELECT * except(row_number)\nFROM (\n  SELECT\n    *,\n    row_number() OVER (PARTITION BY match_id, step, unit_id ORDER BY inserted_at DESC) AS row_number\n  FROM `kaggle-halite.benchmark.actions`\n)\nWHERE row_number=1;\n",
                "use_legacy_sql": false
              }
            ]
          },
          "private": "bnVsbA==",
          "dependencies": [
            "module.benchmark.google_bigquery_dataset.dataset"
          ]
        }
      ]
    },
    {
      "module": "module.benchmark.module.function_match_to_storage",
      "mode": "managed",
      "type": "google_cloudfunctions_function",
      "name": "function",
      "provider": "provider.google",
      "instances": [
        {
          "schema_version": 0,
          "attributes": {
            "available_memory_mb": 128,
            "description": "Reads a match from a PubSub message and dumps it in Cloud Storage.",
            "entry_point": "main",
            "environment_variables": {},
            "event_trigger": [
              {
                "event_type": "google.pubsub.topic.publish",
                "failure_policy": [
                  {
                    "retry": false
                  }
                ],
                "resource": "projects/kaggle-halite/topics/match"
              }
            ],
            "https_trigger_url": null,
            "id": "projects/kaggle-halite/locations/europe-west3/functions/match-to-storage-wtl-zzasQaPiUFSW0vE5yg",
            "ingress_settings": "ALLOW_ALL",
            "labels": {},
            "max_instances": 0,
            "name": "match-to-storage-wtl-zzasQaPiUFSW0vE5yg",
            "project": "kaggle-halite",
            "region": "europe-west3",
            "runtime": "python37",
            "service_account_email": "kaggle-halite@appspot.gserviceaccount.com",
            "source_archive_bucket": "functions-archive",
            "source_archive_object": "match-to-storage.zip",
            "source_repository": [],
            "timeout": 60,
            "timeouts": null,
            "trigger_http": null,
            "vpc_connector": "",
            "vpc_connector_egress_settings": ""
          },
          "private": "eyJlMmJmYjczMC1lY2FhLTExZTYtOGY4OC0zNDM2M2JjN2M0YzAiOnsiY3JlYXRlIjozMDAwMDAwMDAwMDAsImRlbGV0ZSI6MzAwMDAwMDAwMDAwLCJyZWFkIjozMDAwMDAwMDAwMDAsInVwZGF0ZSI6MzAwMDAwMDAwMDAwfX0=",
          "dependencies": [
            "google_storage_bucket.archive_bucket",
            "module.benchmark.module.function_match_to_storage.google_storage_bucket_object.archive_zip"
          ]
        }
      ]
    },
    {
      "module": "module.leaderboard.module.function__leaderboard_to_bigquery",
      "mode": "managed",
      "type": "google_cloudfunctions_function",
      "name": "function",
      "provider": "provider.google",
      "instances": [
        {
          "schema_version": 0,
          "attributes": {
            "available_memory_mb": 128,
            "description": "Reads a leaderboard entry from a PubSub message and inserts it into BigQuery.",
            "entry_point": "main",
            "environment_variables": {},
            "event_trigger": [
              {
                "event_type": "google.pubsub.topic.publish",
                "failure_policy": [
                  {
                    "retry": false
                  }
                ],
                "resource": "projects/kaggle-halite/topics/leaderboard"
              }
            ],
            "https_trigger_url": null,
            "id": "projects/kaggle-halite/locations/europe-west3/functions/leaderboard-to-bigquery-i3Gbd1Qze-Wp7sh8iOTWYw",
            "ingress_settings": "ALLOW_ALL",
            "labels": {},
            "max_instances": 0,
            "name": "leaderboard-to-bigquery-i3Gbd1Qze-Wp7sh8iOTWYw",
            "project": "kaggle-halite",
            "region": "europe-west3",
            "runtime": "python37",
            "service_account_email": "kaggle-halite@appspot.gserviceaccount.com",
            "source_archive_bucket": "functions-archive",
            "source_archive_object": "leaderboard-to-bigquery.zip",
            "source_repository": [],
            "timeout": 60,
            "timeouts": null,
            "trigger_http": null,
            "vpc_connector": "",
            "vpc_connector_egress_settings": ""
          },
          "private": "eyJlMmJmYjczMC1lY2FhLTExZTYtOGY4OC0zNDM2M2JjN2M0YzAiOnsiY3JlYXRlIjozMDAwMDAwMDAwMDAsImRlbGV0ZSI6MzAwMDAwMDAwMDAwLCJyZWFkIjozMDAwMDAwMDAwMDAsInVwZGF0ZSI6MzAwMDAwMDAwMDAwfX0=",
          "dependencies": [
            "google_storage_bucket.archive_bucket",
            "module.leaderboard.module.function__leaderboard_to_bigquery.google_storage_bucket_object.archive_zip"
          ]
        }
      ]
    },
    {
      "module": "module.leaderboard.module.function__leaderboard_request",
      "mode": "managed",
      "type": "google_cloudfunctions_function",
      "name": "function",
      "provider": "provider.google",
      "instances": [
        {
          "schema_version": 0,
          "attributes": {
            "available_memory_mb": 128,
            "description": "Reads a leaderboard request from a PubSub message, requests the leaderboard from Kaggle and publishes it to a PubSub topic.",
            "entry_point": "main",
            "environment_variables": {
              "KAGGLE_KEY": "3116dc5fe4b8a773831f858075b885f9",
              "KAGGLE_USERNAME": "jbj2505"
            },
            "event_trigger": [
              {
                "event_type": "google.pubsub.topic.publish",
                "failure_policy": [
                  {
                    "retry": false
                  }
                ],
                "resource": "projects/kaggle-halite/topics/leaderboard-request"
              }
            ],
            "https_trigger_url": null,
            "id": "projects/kaggle-halite/locations/europe-west3/functions/leaderboard-request-LsgmEz0h72i15fjjimyJTw",
            "ingress_settings": "ALLOW_ALL",
            "labels": {},
            "max_instances": 0,
            "name": "leaderboard-request-LsgmEz0h72i15fjjimyJTw",
            "project": "kaggle-halite",
            "region": "europe-west3",
            "runtime": "python37",
            "service_account_email": "kaggle-halite@appspot.gserviceaccount.com",
            "source_archive_bucket": "functions-archive",
            "source_archive_object": "leaderboard-request.zip",
            "source_repository": [],
            "timeout": 60,
            "timeouts": null,
            "trigger_http": null,
            "vpc_connector": "",
            "vpc_connector_egress_settings": ""
          },
          "private": "eyJlMmJmYjczMC1lY2FhLTExZTYtOGY4OC0zNDM2M2JjN2M0YzAiOnsiY3JlYXRlIjozMDAwMDAwMDAwMDAsImRlbGV0ZSI6MzAwMDAwMDAwMDAwLCJyZWFkIjozMDAwMDAwMDAwMDAsInVwZGF0ZSI6MzAwMDAwMDAwMDAwfX0=",
          "dependencies": [
            "google_storage_bucket.archive_bucket",
            "module.leaderboard.module.function__leaderboard_request.google_storage_bucket_object.archive_zip"
          ]
        }
      ]
    },
    {
      "module": "module.benchmark.module.function_match_to_bigquery",
      "mode": "managed",
      "type": "google_cloudfunctions_function",
      "name": "function",
      "provider": "provider.google",
      "instances": [
        {
          "schema_version": 0,
          "attributes": {
            "available_memory_mb": 128,
            "description": "Reads a match from a PubSub message and inserts it to BigQuery.",
            "entry_point": "main",
            "environment_variables": {},
            "event_trigger": [
              {
                "event_type": "google.pubsub.topic.publish",
                "failure_policy": [
                  {
                    "retry": false
                  }
                ],
                "resource": "projects/kaggle-halite/topics/match"
              }
            ],
            "https_trigger_url": null,
            "id": "projects/kaggle-halite/locations/europe-west3/functions/match-to-bigquery-JKyMkZ-DzcqVMOZDIUehGw",
            "ingress_settings": "ALLOW_ALL",
            "labels": {},
            "max_instances": 0,
            "name": "match-to-bigquery-JKyMkZ-DzcqVMOZDIUehGw",
            "project": "kaggle-halite",
            "region": "europe-west3",
            "runtime": "python37",
            "service_account_email": "kaggle-halite@appspot.gserviceaccount.com",
            "source_archive_bucket": "functions-archive",
            "source_archive_object": "match-to-bigquery.zip",
            "source_repository": [],
            "timeout": 60,
            "timeouts": null,
            "trigger_http": null,
            "vpc_connector": "",
            "vpc_connector_egress_settings": ""
          },
          "private": "eyJlMmJmYjczMC1lY2FhLTExZTYtOGY4OC0zNDM2M2JjN2M0YzAiOnsiY3JlYXRlIjozMDAwMDAwMDAwMDAsImRlbGV0ZSI6MzAwMDAwMDAwMDAwLCJyZWFkIjozMDAwMDAwMDAwMDAsInVwZGF0ZSI6MzAwMDAwMDAwMDAwfX0=",
          "dependencies": [
            "google_storage_bucket.archive_bucket",
            "module.benchmark.module.function_match_to_bigquery.google_storage_bucket_object.archive_zip"
          ]
        }
      ]
    },
    {
      "mode": "managed",
      "type": "google_pubsub_topic",
      "name": "topic__leaderboard",
      "provider": "provider.google",
      "instances": [
        {
          "schema_version": 0,
          "attributes": {
            "id": "projects/kaggle-halite/topics/leaderboard",
            "kms_key_name": "",
            "labels": {},
            "message_storage_policy": [],
            "name": "leaderboard",
            "project": "kaggle-halite",
            "timeouts": {
              "create": null,
              "delete": null,
              "update": null
            }
          },
          "private": "eyJlMmJmYjczMC1lY2FhLTExZTYtOGY4OC0zNDM2M2JjN2M0YzAiOnsiY3JlYXRlIjozNjAwMDAwMDAwMDAsImRlbGV0ZSI6MjQwMDAwMDAwMDAwLCJ1cGRhdGUiOjM2MDAwMDAwMDAwMH0sInNjaGVtYV92ZXJzaW9uIjoiMCJ9"
        }
      ]
    },
    {
      "mode": "managed",
      "type": "google_pubsub_topic",
      "name": "topic__leaderboard_request",
      "provider": "provider.google",
      "instances": [
        {
          "schema_version": 0,
          "attributes": {
            "id": "projects/kaggle-halite/topics/leaderboard-request",
            "kms_key_name": "",
            "labels": {},
            "message_storage_policy": [],
            "name": "leaderboard-request",
            "project": "kaggle-halite",
            "timeouts": null
          },
          "private": "eyJlMmJmYjczMC1lY2FhLTExZTYtOGY4OC0zNDM2M2JjN2M0YzAiOnsiY3JlYXRlIjozNjAwMDAwMDAwMDAsImRlbGV0ZSI6MjQwMDAwMDAwMDAwLCJ1cGRhdGUiOjM2MDAwMDAwMDAwMH19"
        }
      ]
    },
    {
      "mode": "managed",
      "type": "google_pubsub_topic",
      "name": "topic__match",
      "provider": "provider.google",
      "instances": [
        {
          "schema_version": 0,
          "attributes": {
            "id": "projects/kaggle-halite/topics/match",
            "kms_key_name": "",
            "labels": {},
            "message_storage_policy": [],
            "name": "match",
            "project": "kaggle-halite",
            "timeouts": null
          },
          "private": "eyJlMmJmYjczMC1lY2FhLTExZTYtOGY4OC0zNDM2M2JjN2M0YzAiOnsiY3JlYXRlIjozNjAwMDAwMDAwMDAsImRlbGV0ZSI6MjQwMDAwMDAwMDAwLCJ1cGRhdGUiOjM2MDAwMDAwMDAwMH19"
        }
      ]
    },
    {
      "mode": "managed",
      "type": "google_pubsub_topic",
      "name": "topic__match_request",
      "provider": "provider.google",
      "instances": [
        {
          "schema_version": 0,
          "attributes": {
            "id": "projects/kaggle-halite/topics/match-request",
            "kms_key_name": "",
            "labels": {},
            "message_storage_policy": [],
            "name": "match-request",
            "project": "kaggle-halite",
            "timeouts": null
          },
          "private": "eyJlMmJmYjczMC1lY2FhLTExZTYtOGY4OC0zNDM2M2JjN2M0YzAiOnsiY3JlYXRlIjozNjAwMDAwMDAwMDAsImRlbGV0ZSI6MjQwMDAwMDAwMDAwLCJ1cGRhdGUiOjM2MDAwMDAwMDAwMH19"
        }
      ]
    },
    {
      "mode": "managed",
      "type": "google_storage_bucket",
      "name": "archive_bucket",
      "provider": "provider.google",
      "instances": [
        {
          "schema_version": 0,
          "attributes": {
            "bucket_policy_only": false,
            "cors": [],
            "default_event_based_hold": false,
            "encryption": [],
            "force_destroy": false,
            "id": "functions-archive",
            "labels": {},
            "lifecycle_rule": [],
            "location": "EU",
            "logging": [],
            "name": "functions-archive",
            "project": "kaggle-halite",
            "requester_pays": false,
            "retention_policy": [],
            "self_link": "https://www.googleapis.com/storage/v1/b/functions-archive",
            "storage_class": "STANDARD",
            "url": "gs://functions-archive",
            "versioning": [],
            "website": []
          },
          "private": "eyJzY2hlbWFfdmVyc2lvbiI6IjAifQ=="
        }
      ]
    },
    {
      "module": "module.benchmark.module.function_match_to_storage",
      "mode": "managed",
      "type": "google_storage_bucket_object",
      "name": "archive_zip",
      "provider": "provider.google",
      "instances": [
        {
          "schema_version": 0,
          "attributes": {
            "bucket": "functions-archive",
            "cache_control": "",
            "content": null,
            "content_disposition": "",
            "content_encoding": "",
            "content_language": "",
            "content_type": "application/zip",
            "crc32c": "VwKtIg==",
            "detect_md5hash": "wtl+zzasQaPiUFSW0vE5yg==",
            "id": "functions-archive-match-to-storage.zip",
            "md5hash": "wtl+zzasQaPiUFSW0vE5yg==",
            "metadata": null,
            "name": "match-to-storage.zip",
            "output_name": "match-to-storage.zip",
            "self_link": "https://www.googleapis.com/storage/v1/b/functions-archive/o/match-to-storage.zip",
            "source": "./.source_zip/match-to-storage.zip",
            "storage_class": "STANDARD"
          },
          "private": "bnVsbA==",
          "dependencies": [
            "google_storage_bucket.archive_bucket"
          ]
        }
      ]
    },
    {
      "module": "module.leaderboard.module.function__leaderboard_to_bigquery",
      "mode": "managed",
      "type": "google_storage_bucket_object",
      "name": "archive_zip",
      "provider": "provider.google",
      "instances": [
        {
          "schema_version": 0,
          "attributes": {
            "bucket": "functions-archive",
            "cache_control": "",
            "content": null,
            "content_disposition": "",
            "content_encoding": "",
            "content_language": "",
            "content_type": "application/zip",
            "crc32c": "Pvn6zw==",
            "detect_md5hash": "i3Gbd1Qze+Wp7sh8iOTWYw==",
            "id": "functions-archive-leaderboard-to-bigquery.zip",
            "md5hash": "i3Gbd1Qze+Wp7sh8iOTWYw==",
            "metadata": null,
            "name": "leaderboard-to-bigquery.zip",
            "output_name": "leaderboard-to-bigquery.zip",
            "self_link": "https://www.googleapis.com/storage/v1/b/functions-archive/o/leaderboard-to-bigquery.zip",
            "source": "./.source_zip/leaderboard-to-bigquery.zip",
            "storage_class": "STANDARD"
          },
          "private": "bnVsbA==",
          "dependencies": [
            "google_storage_bucket.archive_bucket"
          ]
        }
      ]
    },
    {
      "module": "module.leaderboard.module.function__leaderboard_request",
      "mode": "managed",
      "type": "google_storage_bucket_object",
      "name": "archive_zip",
      "provider": "provider.google",
      "instances": [
        {
          "schema_version": 0,
          "attributes": {
            "bucket": "functions-archive",
            "cache_control": "",
            "content": null,
            "content_disposition": "",
            "content_encoding": "",
            "content_language": "",
            "content_type": "application/zip",
            "crc32c": "LvNmcA==",
            "detect_md5hash": "LsgmEz0h72i15fjjimyJTw==",
            "id": "functions-archive-leaderboard-request.zip",
            "md5hash": "LsgmEz0h72i15fjjimyJTw==",
            "metadata": null,
            "name": "leaderboard-request.zip",
            "output_name": "leaderboard-request.zip",
            "self_link": "https://www.googleapis.com/storage/v1/b/functions-archive/o/leaderboard-request.zip",
            "source": "./.source_zip/leaderboard-request.zip",
            "storage_class": "STANDARD"
          },
          "private": "bnVsbA==",
          "dependencies": [
            "google_storage_bucket.archive_bucket"
          ]
        }
      ]
    },
    {
      "module": "module.benchmark.module.function_match_to_bigquery",
      "mode": "managed",
      "type": "google_storage_bucket_object",
      "name": "archive_zip",
      "provider": "provider.google",
      "instances": [
        {
          "schema_version": 0,
          "attributes": {
            "bucket": "functions-archive",
            "cache_control": "",
            "content": null,
            "content_disposition": "",
            "content_encoding": "",
            "content_language": "",
            "content_type": "application/zip",
            "crc32c": "mtEX+g==",
            "detect_md5hash": "JKyMkZ+DzcqVMOZDIUehGw==",
            "id": "functions-archive-match-to-bigquery.zip",
            "md5hash": "JKyMkZ+DzcqVMOZDIUehGw==",
            "metadata": null,
            "name": "match-to-bigquery.zip",
            "output_name": "match-to-bigquery.zip",
            "self_link": "https://www.googleapis.com/storage/v1/b/functions-archive/o/match-to-bigquery.zip",
            "source": "./.source_zip/match-to-bigquery.zip",
            "storage_class": "STANDARD"
          },
          "private": "bnVsbA==",
          "dependencies": [
            "google_storage_bucket.archive_bucket"
          ]
        }
      ]
    }
  ]
}
